PODS:
  - Alamofire (4.4.0)
  - AlamofireObjectMapper (4.1.0):
    - Alamofire (~> 4.1)
    - ObjectMapper (~> 2.0)
  - DynamicColor (3.1.0)
  - Firebase/Core (3.15.0):
    - FirebaseAnalytics (= 3.7.0)
    - FirebaseCore (= 3.5.2)
  - Firebase/Crash (3.15.0):
    - Firebase/Core
    - FirebaseCrash (= 1.1.6)
  - Firebase/Database (3.15.0):
    - Firebase/Core
    - FirebaseDatabase (= 3.1.2)
  - Firebase/Messaging (3.15.0):
    - Firebase/Core
    - FirebaseMessaging (= 1.2.2)
  - FirebaseAnalytics (3.7.0):
    - FirebaseCore (~> 3.5)
    - FirebaseInstanceID (~> 1.0)
    - GoogleToolboxForMac/NSData+zlib (~> 2.1)
  - FirebaseCore (3.5.2):
    - GoogleToolboxForMac/NSData+zlib (~> 2.1)
  - FirebaseCrash (1.1.6):
    - FirebaseAnalytics (~> 3.7)
    - FirebaseInstanceID (~> 1.0)
    - GoogleToolboxForMac/Logger (~> 2.1)
    - GoogleToolboxForMac/NSData+zlib (~> 2.1)
    - Protobuf (~> 3.1)
  - FirebaseDatabase (3.1.2):
    - FirebaseAnalytics (~> 3.7)
  - FirebaseInstanceID (1.0.9)
  - FirebaseMessaging (1.2.2):
    - FirebaseAnalytics (~> 3.7)
    - FirebaseInstanceID (~> 1.0)
    - GoogleToolboxForMac/Logger (~> 2.1)
    - Protobuf (~> 3.1)
  - GoogleToolboxForMac/Defines (2.1.1)
  - GoogleToolboxForMac/Logger (2.1.1):
    - GoogleToolboxForMac/Defines (= 2.1.1)
  - GoogleToolboxForMac/NSData+zlib (2.1.1):
    - GoogleToolboxForMac/Defines (= 2.1.1)
  - Kanna (2.1.1)
  - Kingfisher (3.6.0)
  - ObjectMapper (2.2.5)
  - PKHUD (4.2.0)
  - Protobuf (3.2.0)
  - ReachabilitySwift (3)
  - SwifterSwift (1.6.3)
  - SwiftyJSON (3.1.4)
  - youtube-ios-player-helper (0.1.6)

DEPENDENCIES:
  - Alamofire
  - AlamofireObjectMapper (~> 4.0)
  - DynamicColor (~> 3.1.0)
  - Firebase/Core
  - Firebase/Crash
  - Firebase/Database
  - Firebase/Messaging
  - Kanna (~> 2.1.0)
  - Kingfisher
  - PKHUD (~> 4.0)
  - ReachabilitySwift
  - SwifterSwift
  - SwiftyJSON
  - youtube-ios-player-helper (~> 0.1.4)

SPEC CHECKSUMS:
  Alamofire: dc44b1600b800eb63da6a19039a0083d62a6a62d
  AlamofireObjectMapper: 435adc82f5b367679bd9e71c4974a54efd0b2521
  DynamicColor: 4dec283a881f7f9d9f3bc88fb5f306724242575f
  Firebase: 2b1cdfba1cda8589f32904a697cc753322bff9d8
  FirebaseAnalytics: 0d1b7d81d5021155be37702a94ba1ec16d45365d
  FirebaseCore: a024587e43778508700af8c6b1209f7c4516ba02
  FirebaseCrash: db4c05d9c75baa050744d31b36357c8f1efba481
  FirebaseDatabase: 05c96d7b43a7368dc91c07791adb49683e1738d1
  FirebaseInstanceID: 2d0518b1378fe9d685ef40cbdd63d2fdc1125339
  FirebaseMessaging: df8267f378580a24174ce7861233aa11d5c90109
  GoogleToolboxForMac: 8e329f1b599f2512c6b10676d45736bcc2cbbeb0
  Kanna: 9b4b086c218703f2b94f5b21a466217dd2f9332e
  Kingfisher: 300035f9a40634dc9b452d946c9f22250688fecd
  ObjectMapper: fb30f71e08470d1e5a20b199fafe1246281db898
  PKHUD: 48af884cf00c2213b0313b739d914e6cab1c0f5e
  Protobuf: 745f59e122e5de98d4d7ef291e264a0eef80f58e
  ReachabilitySwift: f5b9bb30a0777fac8f09ce8b067e32faeb29bb64
  SwifterSwift: 76bf942a17769ebf8fb77f89138cbbd525c039c0
  SwiftyJSON: c2842d878f95482ffceec5709abc3d05680c0220
  youtube-ios-player-helper: 21ab92db027c7ff86cb17a3843a3f6eafc8158d2

PODFILE CHECKSUM: ebc513794e6968c6552a541ddbdd205a68892ddf

COCOAPODS: 1.1.1
