// !$*UTF8*$!
{
	archiveVersion = 1;
	classes = {
	};
	objectVersion = 46;
	objects = {

/* Begin PBXBuildFile section */
		4942F1D4C2E6FAA4B2E0917F /* Pods_CPBLFan.framework in Frameworks */ = {isa = PBXBuildFile; fileRef = C2DA969A0B0630BE49B2AF90 /* Pods_CPBLFan.framework */; };
		4A3AAF08335D2A49C9FD9F79 /* Pods_Schedule_Widget.framework in Frameworks */ = {isa = PBXBuildFile; fileRef = 44F61F5EF3C9A039649C1B27 /* Pods_Schedule_Widget.framework */; };
		530976FC1E69AD0700411F46 /* GoogleService-Info.plist in Resources */ = {isa = PBXBuildFile; fileRef = 530976FB1E69AD0700411F46 /* GoogleService-Info.plist */; };
		530976FD1E69B1CA00411F46 /* GoogleService-Info.plist in Resources */ = {isa = PBXBuildFile; fileRef = 530976FB1E69AD0700411F46 /* GoogleService-Info.plist */; };
		5309A2011E227A8600FB0037 /* UIImage+Addition.swift in Sources */ = {isa = PBXBuildFile; fileRef = 5309A2001E227A8600FB0037 /* UIImage+Addition.swift */; };
		5309A2051E228E8A00FB0037 /* RankHeaderCell.xib in Resources */ = {isa = PBXBuildFile; fileRef = 5309A2031E228E8A00FB0037 /* RankHeaderCell.xib */; };
		5309A2071E22961400FB0037 /* RankHeaderCell.swift in Sources */ = {isa = PBXBuildFile; fileRef = 5309A2061E22961400FB0037 /* RankHeaderCell.swift */; };
		5315DA541E2A45A5002509AC /* PlayerViewController.swift in Sources */ = {isa = PBXBuildFile; fileRef = 5315DA531E2A45A5002509AC /* PlayerViewController.swift */; };
		531BA2431E1EA7EF00B83B73 /* RankCell.swift in Sources */ = {isa = PBXBuildFile; fileRef = 531BA2411E1EA7EF00B83B73 /* RankCell.swift */; };
		531BA2441E1EA7EF00B83B73 /* RankCell.xib in Resources */ = {isa = PBXBuildFile; fileRef = 531BA2421E1EA7EF00B83B73 /* RankCell.xib */; };
		53215D191E12B3EF00A878B3 /* Video.swift in Sources */ = {isa = PBXBuildFile; fileRef = 53215D181E12B3EF00A878B3 /* Video.swift */; };
		53359AAC1E27ADA500C29687 /* StatsListViewController.swift in Sources */ = {isa = PBXBuildFile; fileRef = 53359AAB1E27ADA500C29687 /* StatsListViewController.swift */; };
		53359AAE1E27B18B00C29687 /* StatsList.swift in Sources */ = {isa = PBXBuildFile; fileRef = 53359AAD1E27B18B00C29687 /* StatsList.swift */; };
		53359AB01E27B1EA00C29687 /* StatsListViewModel.swift in Sources */ = {isa = PBXBuildFile; fileRef = 53359AAF1E27B1EA00C29687 /* StatsListViewModel.swift */; };
		5336D25C1E4368A300CAF66A /* GameCell.swift in Sources */ = {isa = PBXBuildFile; fileRef = 5336D25A1E4368A300CAF66A /* GameCell.swift */; };
		5336D25D1E4368A300CAF66A /* GameCell.xib in Resources */ = {isa = PBXBuildFile; fileRef = 5336D25B1E4368A300CAF66A /* GameCell.xib */; };
		5336D25F1E437A0400CAF66A /* GameHeaderCell.swift in Sources */ = {isa = PBXBuildFile; fileRef = 5336D25E1E437A0400CAF66A /* GameHeaderCell.swift */; };
		5336D2611E437A2700CAF66A /* GameHeaderCell.xib in Resources */ = {isa = PBXBuildFile; fileRef = 5336D2601E437A2700CAF66A /* GameHeaderCell.xib */; };
		534B157A1E16CE6B009EA85C /* VideoViewModel.swift in Sources */ = {isa = PBXBuildFile; fileRef = 534B15791E16CE6B009EA85C /* VideoViewModel.swift */; };
		535272071E26740D00E1FFC7 /* StatsListCell.swift in Sources */ = {isa = PBXBuildFile; fileRef = 535272051E26740D00E1FFC7 /* StatsListCell.swift */; };
		535272081E26740D00E1FFC7 /* StatsListCell.xib in Resources */ = {isa = PBXBuildFile; fileRef = 535272061E26740D00E1FFC7 /* StatsListCell.xib */; };
		5353FB871E23CD4600BDE259 /* StatsViewController.swift in Sources */ = {isa = PBXBuildFile; fileRef = 5353FB861E23CD4600BDE259 /* StatsViewController.swift */; };
		5353FB8A1E23CD7400BDE259 /* StatsCell.swift in Sources */ = {isa = PBXBuildFile; fileRef = 5353FB881E23CD7400BDE259 /* StatsCell.swift */; };
		5353FB8B1E23CD7400BDE259 /* StatsCell.xib in Resources */ = {isa = PBXBuildFile; fileRef = 5353FB891E23CD7400BDE259 /* StatsCell.xib */; };
		5353FB8D1E23D5F000BDE259 /* Stats.swift in Sources */ = {isa = PBXBuildFile; fileRef = 5353FB8C1E23D5F000BDE259 /* Stats.swift */; };
		5353FB8F1E23D6C000BDE259 /* UIColor+Addition.swift in Sources */ = {isa = PBXBuildFile; fileRef = 5353FB8E1E23D6C000BDE259 /* UIColor+Addition.swift */; };
		5354ABE41E1553320034D9E2 /* VideoViewController.swift in Sources */ = {isa = PBXBuildFile; fileRef = 5354ABE31E1553320034D9E2 /* VideoViewController.swift */; };
		5354E13B1E2523B800B87E4D /* StatsViewModel.swift in Sources */ = {isa = PBXBuildFile; fileRef = 5354E13A1E2523B800B87E4D /* StatsViewModel.swift */; };
		536238011E44C5440091DA9C /* GameScheduleViewController.swift in Sources */ = {isa = PBXBuildFile; fileRef = 536238001E44C5440091DA9C /* GameScheduleViewController.swift */; };
		536238031E44CAA20091DA9C /* GameViewModel.swift in Sources */ = {isa = PBXBuildFile; fileRef = 536238021E44CAA20091DA9C /* GameViewModel.swift */; };
		536238051E44CAE20091DA9C /* Game.swift in Sources */ = {isa = PBXBuildFile; fileRef = 536238041E44CAE20091DA9C /* Game.swift */; };
		536B606E1E62A92D0027C796 /* NotificationCenter.framework in Frameworks */ = {isa = PBXBuildFile; fileRef = 53CE89CA1E61532E00C528BC /* NotificationCenter.framework */; };
		536B60711E62A92D0027C796 /* TodayViewController.swift in Sources */ = {isa = PBXBuildFile; fileRef = 536B60701E62A92D0027C796 /* TodayViewController.swift */; };
		536B60741E62A92D0027C796 /* MainInterface.storyboard in Resources */ = {isa = PBXBuildFile; fileRef = 536B60721E62A92D0027C796 /* MainInterface.storyboard */; };
		536B60781E62A92D0027C796 /* Schedule-Widget.appex in Embed App Extensions */ = {isa = PBXBuildFile; fileRef = 536B606D1E62A92C0027C796 /* Schedule-Widget.appex */; settings = {ATTRIBUTES = (RemoveHeadersOnCopy, ); }; };
		536B607C1E62B53A0027C796 /* APIService.swift in Sources */ = {isa = PBXBuildFile; fileRef = 53CBA2DA1E0D66AB0012FFFB /* APIService.swift */; };
		536B607D1E62B53A0027C796 /* TableViewHelper.swift in Sources */ = {isa = PBXBuildFile; fileRef = 53CBA2E61E0D920D0012FFFB /* TableViewHelper.swift */; };
		536B607E1E62B5420027C796 /* GameViewModel.swift in Sources */ = {isa = PBXBuildFile; fileRef = 536238021E44CAA20091DA9C /* GameViewModel.swift */; };
		536B60811E62B5740027C796 /* TodayGameCell.swift in Sources */ = {isa = PBXBuildFile; fileRef = 536B607F1E62B5740027C796 /* TodayGameCell.swift */; };
		536B60821E62B5740027C796 /* TodayGameCell.xib in Resources */ = {isa = PBXBuildFile; fileRef = 536B60801E62B5740027C796 /* TodayGameCell.xib */; };
		536B60831E62B77E0027C796 /* UIImage+Addition.swift in Sources */ = {isa = PBXBuildFile; fileRef = 5309A2001E227A8600FB0037 /* UIImage+Addition.swift */; };
		536B60841E62C8E40027C796 /* Game.swift in Sources */ = {isa = PBXBuildFile; fileRef = 536238041E44CAE20091DA9C /* Game.swift */; };
		536B60861E62DEC10027C796 /* Assets.xcassets in Resources */ = {isa = PBXBuildFile; fileRef = 53CBA2AD1E0D5F5F0012FFFB /* Assets.xcassets */; };
		53764B4D1E2FAA3D00FFE77E /* GameSchedule.json in Resources */ = {isa = PBXBuildFile; fileRef = 53764B4C1E2FAA3D00FFE77E /* GameSchedule.json */; };
		53788A211E10070F00C3F04B /* News.swift in Sources */ = {isa = PBXBuildFile; fileRef = 53788A201E10070F00C3F04B /* News.swift */; };
		537CCF891E20BE7B00AFC864 /* RankViewController.swift in Sources */ = {isa = PBXBuildFile; fileRef = 537CCF881E20BE7B00AFC864 /* RankViewController.swift */; };
		538F75EB1E20BACE001671EE /* Rank.swift in Sources */ = {isa = PBXBuildFile; fileRef = 538F75EA1E20BACE001671EE /* Rank.swift */; };
		538F75ED1E20BBBF001671EE /* RankViewModel.swift in Sources */ = {isa = PBXBuildFile; fileRef = 538F75EC1E20BBBF001671EE /* RankViewModel.swift */; };
		53A6FE2F1E13F72700B68243 /* VideoCell.swift in Sources */ = {isa = PBXBuildFile; fileRef = 53A6FE2D1E13F72700B68243 /* VideoCell.swift */; };
		53A6FE301E13F72700B68243 /* VideoCell.xib in Resources */ = {isa = PBXBuildFile; fileRef = 53A6FE2E1E13F72700B68243 /* VideoCell.xib */; };
		53B396E11E1C02D00032D0DA /* VideoPlayerViewController.swift in Sources */ = {isa = PBXBuildFile; fileRef = 53B396E01E1C02D00032D0DA /* VideoPlayerViewController.swift */; };
		53B396E51E1D37100032D0DA /* UIBarButtonItem+Addition.swift in Sources */ = {isa = PBXBuildFile; fileRef = 53B396E41E1D37100032D0DA /* UIBarButtonItem+Addition.swift */; };
		53CBA2A51E0D5F5F0012FFFB /* AppDelegate.swift in Sources */ = {isa = PBXBuildFile; fileRef = 53CBA2A41E0D5F5F0012FFFB /* AppDelegate.swift */; };
		53CBA2AC1E0D5F5F0012FFFB /* Main.storyboard in Resources */ = {isa = PBXBuildFile; fileRef = 53CBA2AA1E0D5F5F0012FFFB /* Main.storyboard */; };
		53CBA2AE1E0D5F5F0012FFFB /* Assets.xcassets in Resources */ = {isa = PBXBuildFile; fileRef = 53CBA2AD1E0D5F5F0012FFFB /* Assets.xcassets */; };
		53CBA2B11E0D5F5F0012FFFB /* LaunchScreen.storyboard in Resources */ = {isa = PBXBuildFile; fileRef = 53CBA2AF1E0D5F5F0012FFFB /* LaunchScreen.storyboard */; };
		53CBA2BC1E0D5F5F0012FFFB /* CPBLFanTests.swift in Sources */ = {isa = PBXBuildFile; fileRef = 53CBA2BB1E0D5F5F0012FFFB /* CPBLFanTests.swift */; };
		53CBA2C71E0D5F5F0012FFFB /* CPBLFanUITests.swift in Sources */ = {isa = PBXBuildFile; fileRef = 53CBA2C61E0D5F5F0012FFFB /* CPBLFanUITests.swift */; };
		53CBA2DB1E0D66AB0012FFFB /* APIService.swift in Sources */ = {isa = PBXBuildFile; fileRef = 53CBA2DA1E0D66AB0012FFFB /* APIService.swift */; };
		53CBA2DE1E0D7DAC0012FFFB /* NewsCell.swift in Sources */ = {isa = PBXBuildFile; fileRef = 53CBA2DC1E0D7DAC0012FFFB /* NewsCell.swift */; };
		53CBA2DF1E0D7DAC0012FFFB /* NewsCell.xib in Resources */ = {isa = PBXBuildFile; fileRef = 53CBA2DD1E0D7DAC0012FFFB /* NewsCell.xib */; };
		53CBA2E31E0D80BD0012FFFB /* NewsViewController.swift in Sources */ = {isa = PBXBuildFile; fileRef = 53CBA2E21E0D80BD0012FFFB /* NewsViewController.swift */; };
		53CBA2E71E0D920D0012FFFB /* TableViewHelper.swift in Sources */ = {isa = PBXBuildFile; fileRef = 53CBA2E61E0D920D0012FFFB /* TableViewHelper.swift */; };
		53CBA2EA1E0D96670012FFFB /* NewsViewModel.swift in Sources */ = {isa = PBXBuildFile; fileRef = 53CBA2E91E0D96670012FFFB /* NewsViewModel.swift */; };
		53CBA2EC1E0ECC1E0012FFFB /* NewsContentViewController.swift in Sources */ = {isa = PBXBuildFile; fileRef = 53CBA2EB1E0ECC1E0012FFFB /* NewsContentViewController.swift */; };
		53CE89CB1E61532E00C528BC /* NotificationCenter.framework in Frameworks */ = {isa = PBXBuildFile; fileRef = 53CE89CA1E61532E00C528BC /* NotificationCenter.framework */; };
		53CE89CE1E61532E00C528BC /* TodayViewController.swift in Sources */ = {isa = PBXBuildFile; fileRef = 53CE89CD1E61532E00C528BC /* TodayViewController.swift */; };
		53CE89D11E61532E00C528BC /* MainInterface.storyboard in Resources */ = {isa = PBXBuildFile; fileRef = 53CE89CF1E61532E00C528BC /* MainInterface.storyboard */; };
		53CE89D51E61532E00C528BC /* Rank-Widget.appex in Embed App Extensions */ = {isa = PBXBuildFile; fileRef = 53CE89C91E61532E00C528BC /* Rank-Widget.appex */; settings = {ATTRIBUTES = (RemoveHeadersOnCopy, ); }; };
		53CE89DB1E6155B600C528BC /* APIService.swift in Sources */ = {isa = PBXBuildFile; fileRef = 53CBA2DA1E0D66AB0012FFFB /* APIService.swift */; };
		53CE89DC1E6155B600C528BC /* TableViewHelper.swift in Sources */ = {isa = PBXBuildFile; fileRef = 53CBA2E61E0D920D0012FFFB /* TableViewHelper.swift */; };
		53CE89DD1E6155F000C528BC /* RankViewModel.swift in Sources */ = {isa = PBXBuildFile; fileRef = 538F75EC1E20BBBF001671EE /* RankViewModel.swift */; };
		53CE89E01E615C4D00C528BC /* UIImage+Addition.swift in Sources */ = {isa = PBXBuildFile; fileRef = 5309A2001E227A8600FB0037 /* UIImage+Addition.swift */; };
		53CE89E21E615C6E00C528BC /* Rank.swift in Sources */ = {isa = PBXBuildFile; fileRef = 538F75EA1E20BACE001671EE /* Rank.swift */; };
		53CE89E51E6160A900C528BC /* Assets.xcassets in Resources */ = {isa = PBXBuildFile; fileRef = 53CBA2AD1E0D5F5F0012FFFB /* Assets.xcassets */; };
		53CE89E91E6164DD00C528BC /* WidgetHeaderCell.xib in Resources */ = {isa = PBXBuildFile; fileRef = 53CE89E71E6164DD00C528BC /* WidgetHeaderCell.xib */; };
		53CE89EB1E6164F200C528BC /* WidgetCell.swift in Sources */ = {isa = PBXBuildFile; fileRef = 53CE89EA1E6164F200C528BC /* WidgetCell.swift */; };
		53CE89ED1E61653500C528BC /* WidgetCell.xib in Resources */ = {isa = PBXBuildFile; fileRef = 53CE89EC1E61653500C528BC /* WidgetCell.xib */; };
		53CE89EF1E61716500C528BC /* WidgetHeaderCell.swift in Sources */ = {isa = PBXBuildFile; fileRef = 53CE89EE1E61716500C528BC /* WidgetHeaderCell.swift */; };
		98576FFE086CBF2D2AAECAC2 /* Pods_CPBLFanTests.framework in Frameworks */ = {isa = PBXBuildFile; fileRef = 9800F6C1BFD0DC46FE73BFFA /* Pods_CPBLFanTests.framework */; };
		E372B36DD4EA6CD97FAD642B /* Pods_Rank_Widget.framework in Frameworks */ = {isa = PBXBuildFile; fileRef = D64CF72F3CFE322AC61FED4B /* Pods_Rank_Widget.framework */; };
		E585054292EA96FC3BAE7457 /* Pods_CPBLFanUITests.framework in Frameworks */ = {isa = PBXBuildFile; fileRef = 031AC937497451A2DE3EDB61 /* Pods_CPBLFanUITests.framework */; };
/* End PBXBuildFile section */

/* Begin PBXContainerItemProxy section */
		536B60761E62A92D0027C796 /* PBXContainerItemProxy */ = {
			isa = PBXContainerItemProxy;
			containerPortal = 53CBA2991E0D5F5E0012FFFB /* Project object */;
			proxyType = 1;
			remoteGlobalIDString = 536B606C1E62A92C0027C796;
			remoteInfo = "Schedule-Widget";
		};
		53CBA2B81E0D5F5F0012FFFB /* PBXContainerItemProxy */ = {
			isa = PBXContainerItemProxy;
			containerPortal = 53CBA2991E0D5F5E0012FFFB /* Project object */;
			proxyType = 1;
			remoteGlobalIDString = 53CBA2A01E0D5F5E0012FFFB;
			remoteInfo = CPBLFan;
		};
		53CBA2C31E0D5F5F0012FFFB /* PBXContainerItemProxy */ = {
			isa = PBXContainerItemProxy;
			containerPortal = 53CBA2991E0D5F5E0012FFFB /* Project object */;
			proxyType = 1;
			remoteGlobalIDString = 53CBA2A01E0D5F5E0012FFFB;
			remoteInfo = CPBLFan;
		};
		53CE89D31E61532E00C528BC /* PBXContainerItemProxy */ = {
			isa = PBXContainerItemProxy;
			containerPortal = 53CBA2991E0D5F5E0012FFFB /* Project object */;
			proxyType = 1;
			remoteGlobalIDString = 53CE89C81E61532E00C528BC;
			remoteInfo = "Rank-Widget";
		};
/* End PBXContainerItemProxy section */

/* Begin PBXCopyFilesBuildPhase section */
		530152331E0FBABB00AE6FDE /* Embed App Extensions */ = {
			isa = PBXCopyFilesBuildPhase;
			buildActionMask = 2147483647;
			dstPath = "";
			dstSubfolderSpec = 13;
			files = (
				53CE89D51E61532E00C528BC /* Rank-Widget.appex in Embed App Extensions */,
				536B60781E62A92D0027C796 /* Schedule-Widget.appex in Embed App Extensions */,
			);
			name = "Embed App Extensions";
			runOnlyForDeploymentPostprocessing = 0;
		};
/* End PBXCopyFilesBuildPhase section */

/* Begin PBXFileReference section */
		0214F9294E9FC1F421BE8D43 /* Pods-CPBLFanUITests.release.xcconfig */ = {isa = PBXFileReference; includeInIndex = 1; lastKnownFileType = text.xcconfig; name = "Pods-CPBLFanUITests.release.xcconfig"; path = "Pods/Target Support Files/Pods-CPBLFanUITests/Pods-CPBLFanUITests.release.xcconfig"; sourceTree = "<group>"; };
		031AC937497451A2DE3EDB61 /* Pods_CPBLFanUITests.framework */ = {isa = PBXFileReference; explicitFileType = wrapper.framework; includeInIndex = 0; path = Pods_CPBLFanUITests.framework; sourceTree = BUILT_PRODUCTS_DIR; };
		317D3554E844AE677F4D245D /* Pods-CPBLFanUITests.debug.xcconfig */ = {isa = PBXFileReference; includeInIndex = 1; lastKnownFileType = text.xcconfig; name = "Pods-CPBLFanUITests.debug.xcconfig"; path = "Pods/Target Support Files/Pods-CPBLFanUITests/Pods-CPBLFanUITests.debug.xcconfig"; sourceTree = "<group>"; };
		33A63E445BD3C441C933A21C /* Pods-CPBLFan.debug.xcconfig */ = {isa = PBXFileReference; includeInIndex = 1; lastKnownFileType = text.xcconfig; name = "Pods-CPBLFan.debug.xcconfig"; path = "Pods/Target Support Files/Pods-CPBLFan/Pods-CPBLFan.debug.xcconfig"; sourceTree = "<group>"; };
		44F61F5EF3C9A039649C1B27 /* Pods_Schedule_Widget.framework */ = {isa = PBXFileReference; explicitFileType = wrapper.framework; includeInIndex = 0; path = Pods_Schedule_Widget.framework; sourceTree = BUILT_PRODUCTS_DIR; };
		530976FB1E69AD0700411F46 /* GoogleService-Info.plist */ = {isa = PBXFileReference; fileEncoding = 4; lastKnownFileType = text.plist.xml; path = "GoogleService-Info.plist"; sourceTree = "<group>"; };
		5309A2001E227A8600FB0037 /* UIImage+Addition.swift */ = {isa = PBXFileReference; fileEncoding = 4; lastKnownFileType = sourcecode.swift; name = "UIImage+Addition.swift"; path = "Extension/UIImage+Addition.swift"; sourceTree = "<group>"; };
		5309A2031E228E8A00FB0037 /* RankHeaderCell.xib */ = {isa = PBXFileReference; fileEncoding = 4; lastKnownFileType = file.xib; name = RankHeaderCell.xib; path = View/RankHeaderCell.xib; sourceTree = "<group>"; };
		5309A2061E22961400FB0037 /* RankHeaderCell.swift */ = {isa = PBXFileReference; fileEncoding = 4; lastKnownFileType = sourcecode.swift; name = RankHeaderCell.swift; path = View/RankHeaderCell.swift; sourceTree = "<group>"; };
		5315DA531E2A45A5002509AC /* PlayerViewController.swift */ = {isa = PBXFileReference; fileEncoding = 4; lastKnownFileType = sourcecode.swift; name = PlayerViewController.swift; path = View/ViewController/PlayerViewController.swift; sourceTree = "<group>"; };
		531BA2411E1EA7EF00B83B73 /* RankCell.swift */ = {isa = PBXFileReference; fileEncoding = 4; lastKnownFileType = sourcecode.swift; name = RankCell.swift; path = View/RankCell.swift; sourceTree = "<group>"; };
		531BA2421E1EA7EF00B83B73 /* RankCell.xib */ = {isa = PBXFileReference; fileEncoding = 4; lastKnownFileType = file.xib; name = RankCell.xib; path = View/RankCell.xib; sourceTree = "<group>"; };
		53215D181E12B3EF00A878B3 /* Video.swift */ = {isa = PBXFileReference; fileEncoding = 4; lastKnownFileType = sourcecode.swift; name = Video.swift; path = Model/Video.swift; sourceTree = "<group>"; };
		53359AAB1E27ADA500C29687 /* StatsListViewController.swift */ = {isa = PBXFileReference; fileEncoding = 4; lastKnownFileType = sourcecode.swift; name = StatsListViewController.swift; path = View/ViewController/StatsListViewController.swift; sourceTree = "<group>"; };
		53359AAD1E27B18B00C29687 /* StatsList.swift */ = {isa = PBXFileReference; fileEncoding = 4; lastKnownFileType = sourcecode.swift; name = StatsList.swift; path = Model/StatsList.swift; sourceTree = "<group>"; };
		53359AAF1E27B1EA00C29687 /* StatsListViewModel.swift */ = {isa = PBXFileReference; fileEncoding = 4; lastKnownFileType = sourcecode.swift; name = StatsListViewModel.swift; path = ViewModel/StatsListViewModel.swift; sourceTree = "<group>"; };
		5336D25A1E4368A300CAF66A /* GameCell.swift */ = {isa = PBXFileReference; fileEncoding = 4; lastKnownFileType = sourcecode.swift; name = GameCell.swift; path = View/GameCell.swift; sourceTree = "<group>"; };
		5336D25B1E4368A300CAF66A /* GameCell.xib */ = {isa = PBXFileReference; fileEncoding = 4; lastKnownFileType = file.xib; name = GameCell.xib; path = View/GameCell.xib; sourceTree = "<group>"; };
		5336D25E1E437A0400CAF66A /* GameHeaderCell.swift */ = {isa = PBXFileReference; fileEncoding = 4; lastKnownFileType = sourcecode.swift; name = GameHeaderCell.swift; path = View/GameHeaderCell.swift; sourceTree = "<group>"; };
		5336D2601E437A2700CAF66A /* GameHeaderCell.xib */ = {isa = PBXFileReference; fileEncoding = 4; lastKnownFileType = file.xib; name = GameHeaderCell.xib; path = View/GameHeaderCell.xib; sourceTree = "<group>"; };
		534B15791E16CE6B009EA85C /* VideoViewModel.swift */ = {isa = PBXFileReference; fileEncoding = 4; lastKnownFileType = sourcecode.swift; name = VideoViewModel.swift; path = ViewModel/VideoViewModel.swift; sourceTree = "<group>"; };
		535272051E26740D00E1FFC7 /* StatsListCell.swift */ = {isa = PBXFileReference; fileEncoding = 4; lastKnownFileType = sourcecode.swift; name = StatsListCell.swift; path = View/StatsListCell.swift; sourceTree = "<group>"; };
		535272061E26740D00E1FFC7 /* StatsListCell.xib */ = {isa = PBXFileReference; fileEncoding = 4; lastKnownFileType = file.xib; name = StatsListCell.xib; path = View/StatsListCell.xib; sourceTree = "<group>"; };
		5353FB861E23CD4600BDE259 /* StatsViewController.swift */ = {isa = PBXFileReference; fileEncoding = 4; lastKnownFileType = sourcecode.swift; name = StatsViewController.swift; path = View/ViewController/StatsViewController.swift; sourceTree = "<group>"; };
		5353FB881E23CD7400BDE259 /* StatsCell.swift */ = {isa = PBXFileReference; fileEncoding = 4; lastKnownFileType = sourcecode.swift; name = StatsCell.swift; path = View/StatsCell.swift; sourceTree = "<group>"; };
		5353FB891E23CD7400BDE259 /* StatsCell.xib */ = {isa = PBXFileReference; fileEncoding = 4; lastKnownFileType = file.xib; name = StatsCell.xib; path = View/StatsCell.xib; sourceTree = "<group>"; };
		5353FB8C1E23D5F000BDE259 /* Stats.swift */ = {isa = PBXFileReference; fileEncoding = 4; lastKnownFileType = sourcecode.swift; name = Stats.swift; path = Model/Stats.swift; sourceTree = "<group>"; };
		5353FB8E1E23D6C000BDE259 /* UIColor+Addition.swift */ = {isa = PBXFileReference; fileEncoding = 4; lastKnownFileType = sourcecode.swift; name = "UIColor+Addition.swift"; path = "Extension/UIColor+Addition.swift"; sourceTree = "<group>"; };
		5354ABE31E1553320034D9E2 /* VideoViewController.swift */ = {isa = PBXFileReference; fileEncoding = 4; lastKnownFileType = sourcecode.swift; name = VideoViewController.swift; path = View/ViewController/VideoViewController.swift; sourceTree = "<group>"; };
		5354E13A1E2523B800B87E4D /* StatsViewModel.swift */ = {isa = PBXFileReference; fileEncoding = 4; lastKnownFileType = sourcecode.swift; name = StatsViewModel.swift; path = ViewModel/StatsViewModel.swift; sourceTree = "<group>"; };
		536238001E44C5440091DA9C /* GameScheduleViewController.swift */ = {isa = PBXFileReference; fileEncoding = 4; lastKnownFileType = sourcecode.swift; name = GameScheduleViewController.swift; path = View/ViewController/GameScheduleViewController.swift; sourceTree = "<group>"; };
		536238021E44CAA20091DA9C /* GameViewModel.swift */ = {isa = PBXFileReference; fileEncoding = 4; lastKnownFileType = sourcecode.swift; name = GameViewModel.swift; path = ViewModel/GameViewModel.swift; sourceTree = "<group>"; };
		536238041E44CAE20091DA9C /* Game.swift */ = {isa = PBXFileReference; fileEncoding = 4; lastKnownFileType = sourcecode.swift; name = Game.swift; path = Model/Game.swift; sourceTree = "<group>"; };
		536B606D1E62A92C0027C796 /* Schedule-Widget.appex */ = {isa = PBXFileReference; explicitFileType = "wrapper.app-extension"; includeInIndex = 0; path = "Schedule-Widget.appex"; sourceTree = BUILT_PRODUCTS_DIR; };
		536B60701E62A92D0027C796 /* TodayViewController.swift */ = {isa = PBXFileReference; lastKnownFileType = sourcecode.swift; path = TodayViewController.swift; sourceTree = "<group>"; };
		536B60731E62A92D0027C796 /* Base */ = {isa = PBXFileReference; lastKnownFileType = file.storyboard; name = Base; path = Base.lproj/MainInterface.storyboard; sourceTree = "<group>"; };
		536B60751E62A92D0027C796 /* Info.plist */ = {isa = PBXFileReference; lastKnownFileType = text.plist.xml; path = Info.plist; sourceTree = "<group>"; };
		536B607F1E62B5740027C796 /* TodayGameCell.swift */ = {isa = PBXFileReference; fileEncoding = 4; lastKnownFileType = sourcecode.swift; path = TodayGameCell.swift; sourceTree = "<group>"; };
		536B60801E62B5740027C796 /* TodayGameCell.xib */ = {isa = PBXFileReference; fileEncoding = 4; lastKnownFileType = file.xib; path = TodayGameCell.xib; sourceTree = "<group>"; };
		536B60871E6334DB0027C796 /* CPBLFan.entitlements */ = {isa = PBXFileReference; lastKnownFileType = text.plist.entitlements; path = CPBLFan.entitlements; sourceTree = "<group>"; };
		53764B4C1E2FAA3D00FFE77E /* GameSchedule.json */ = {isa = PBXFileReference; fileEncoding = 4; lastKnownFileType = text.json; path = GameSchedule.json; sourceTree = "<group>"; };
		53788A201E10070F00C3F04B /* News.swift */ = {isa = PBXFileReference; fileEncoding = 4; lastKnownFileType = sourcecode.swift; name = News.swift; path = Model/News.swift; sourceTree = "<group>"; };
		537CCF881E20BE7B00AFC864 /* RankViewController.swift */ = {isa = PBXFileReference; fileEncoding = 4; lastKnownFileType = sourcecode.swift; name = RankViewController.swift; path = View/ViewController/RankViewController.swift; sourceTree = "<group>"; };
		538F75EA1E20BACE001671EE /* Rank.swift */ = {isa = PBXFileReference; fileEncoding = 4; lastKnownFileType = sourcecode.swift; name = Rank.swift; path = Model/Rank.swift; sourceTree = "<group>"; };
		538F75EC1E20BBBF001671EE /* RankViewModel.swift */ = {isa = PBXFileReference; fileEncoding = 4; lastKnownFileType = sourcecode.swift; name = RankViewModel.swift; path = ViewModel/RankViewModel.swift; sourceTree = "<group>"; };
		53A6FE2D1E13F72700B68243 /* VideoCell.swift */ = {isa = PBXFileReference; fileEncoding = 4; lastKnownFileType = sourcecode.swift; name = VideoCell.swift; path = View/VideoCell.swift; sourceTree = "<group>"; };
		53A6FE2E1E13F72700B68243 /* VideoCell.xib */ = {isa = PBXFileReference; fileEncoding = 4; lastKnownFileType = file.xib; name = VideoCell.xib; path = View/VideoCell.xib; sourceTree = "<group>"; };
		53B396E01E1C02D00032D0DA /* VideoPlayerViewController.swift */ = {isa = PBXFileReference; fileEncoding = 4; lastKnownFileType = sourcecode.swift; name = VideoPlayerViewController.swift; path = View/ViewController/VideoPlayerViewController.swift; sourceTree = "<group>"; };
		53B396E21E1C04390032D0DA /* CPBLFan-Bridging-Header.h */ = {isa = PBXFileReference; lastKnownFileType = sourcecode.c.h; path = "CPBLFan-Bridging-Header.h"; sourceTree = "<group>"; };
		53B396E41E1D37100032D0DA /* UIBarButtonItem+Addition.swift */ = {isa = PBXFileReference; fileEncoding = 4; lastKnownFileType = sourcecode.swift; name = "UIBarButtonItem+Addition.swift"; path = "Extension/UIBarButtonItem+Addition.swift"; sourceTree = "<group>"; };
		53CBA2A11E0D5F5E0012FFFB /* CPBLFan.app */ = {isa = PBXFileReference; explicitFileType = wrapper.application; includeInIndex = 0; path = CPBLFan.app; sourceTree = BUILT_PRODUCTS_DIR; };
		53CBA2A41E0D5F5F0012FFFB /* AppDelegate.swift */ = {isa = PBXFileReference; lastKnownFileType = sourcecode.swift; path = AppDelegate.swift; sourceTree = "<group>"; };
		53CBA2AB1E0D5F5F0012FFFB /* Base */ = {isa = PBXFileReference; lastKnownFileType = file.storyboard; name = Base; path = Base.lproj/Main.storyboard; sourceTree = "<group>"; };
		53CBA2AD1E0D5F5F0012FFFB /* Assets.xcassets */ = {isa = PBXFileReference; lastKnownFileType = folder.assetcatalog; path = Assets.xcassets; sourceTree = "<group>"; };
		53CBA2B01E0D5F5F0012FFFB /* Base */ = {isa = PBXFileReference; lastKnownFileType = file.storyboard; name = Base; path = Base.lproj/LaunchScreen.storyboard; sourceTree = "<group>"; };
		53CBA2B21E0D5F5F0012FFFB /* Info.plist */ = {isa = PBXFileReference; lastKnownFileType = text.plist.xml; path = Info.plist; sourceTree = "<group>"; };
		53CBA2B71E0D5F5F0012FFFB /* CPBLFanTests.xctest */ = {isa = PBXFileReference; explicitFileType = wrapper.cfbundle; includeInIndex = 0; path = CPBLFanTests.xctest; sourceTree = BUILT_PRODUCTS_DIR; };
		53CBA2BB1E0D5F5F0012FFFB /* CPBLFanTests.swift */ = {isa = PBXFileReference; lastKnownFileType = sourcecode.swift; path = CPBLFanTests.swift; sourceTree = "<group>"; };
		53CBA2BD1E0D5F5F0012FFFB /* Info.plist */ = {isa = PBXFileReference; lastKnownFileType = text.plist.xml; path = Info.plist; sourceTree = "<group>"; };
		53CBA2C21E0D5F5F0012FFFB /* CPBLFanUITests.xctest */ = {isa = PBXFileReference; explicitFileType = wrapper.cfbundle; includeInIndex = 0; path = CPBLFanUITests.xctest; sourceTree = BUILT_PRODUCTS_DIR; };
		53CBA2C61E0D5F5F0012FFFB /* CPBLFanUITests.swift */ = {isa = PBXFileReference; lastKnownFileType = sourcecode.swift; path = CPBLFanUITests.swift; sourceTree = "<group>"; };
		53CBA2C81E0D5F5F0012FFFB /* Info.plist */ = {isa = PBXFileReference; lastKnownFileType = text.plist.xml; path = Info.plist; sourceTree = "<group>"; };
		53CBA2DA1E0D66AB0012FFFB /* APIService.swift */ = {isa = PBXFileReference; fileEncoding = 4; lastKnownFileType = sourcecode.swift; name = APIService.swift; path = Helper/APIService.swift; sourceTree = "<group>"; };
		53CBA2DC1E0D7DAC0012FFFB /* NewsCell.swift */ = {isa = PBXFileReference; fileEncoding = 4; lastKnownFileType = sourcecode.swift; name = NewsCell.swift; path = View/NewsCell.swift; sourceTree = "<group>"; };
		53CBA2DD1E0D7DAC0012FFFB /* NewsCell.xib */ = {isa = PBXFileReference; fileEncoding = 4; lastKnownFileType = file.xib; name = NewsCell.xib; path = View/NewsCell.xib; sourceTree = "<group>"; };
		53CBA2E21E0D80BD0012FFFB /* NewsViewController.swift */ = {isa = PBXFileReference; fileEncoding = 4; lastKnownFileType = sourcecode.swift; name = NewsViewController.swift; path = View/ViewController/NewsViewController.swift; sourceTree = "<group>"; };
		53CBA2E61E0D920D0012FFFB /* TableViewHelper.swift */ = {isa = PBXFileReference; fileEncoding = 4; lastKnownFileType = sourcecode.swift; name = TableViewHelper.swift; path = Helper/TableViewHelper.swift; sourceTree = "<group>"; };
		53CBA2E91E0D96670012FFFB /* NewsViewModel.swift */ = {isa = PBXFileReference; fileEncoding = 4; lastKnownFileType = sourcecode.swift; name = NewsViewModel.swift; path = ViewModel/NewsViewModel.swift; sourceTree = "<group>"; };
		53CBA2EB1E0ECC1E0012FFFB /* NewsContentViewController.swift */ = {isa = PBXFileReference; fileEncoding = 4; lastKnownFileType = sourcecode.swift; name = NewsContentViewController.swift; path = View/ViewController/NewsContentViewController.swift; sourceTree = "<group>"; };
		53CE89C91E61532E00C528BC /* Rank-Widget.appex */ = {isa = PBXFileReference; explicitFileType = "wrapper.app-extension"; includeInIndex = 0; path = "Rank-Widget.appex"; sourceTree = BUILT_PRODUCTS_DIR; };
		53CE89CA1E61532E00C528BC /* NotificationCenter.framework */ = {isa = PBXFileReference; lastKnownFileType = wrapper.framework; name = NotificationCenter.framework; path = System/Library/Frameworks/NotificationCenter.framework; sourceTree = SDKROOT; };
		53CE89CD1E61532E00C528BC /* TodayViewController.swift */ = {isa = PBXFileReference; lastKnownFileType = sourcecode.swift; path = TodayViewController.swift; sourceTree = "<group>"; };
		53CE89D01E61532E00C528BC /* Base */ = {isa = PBXFileReference; lastKnownFileType = file.storyboard; name = Base; path = Base.lproj/MainInterface.storyboard; sourceTree = "<group>"; };
		53CE89D21E61532E00C528BC /* Info.plist */ = {isa = PBXFileReference; lastKnownFileType = text.plist.xml; path = Info.plist; sourceTree = "<group>"; };
		53CE89E71E6164DD00C528BC /* WidgetHeaderCell.xib */ = {isa = PBXFileReference; fileEncoding = 4; lastKnownFileType = file.xib; path = WidgetHeaderCell.xib; sourceTree = "<group>"; };
		53CE89EA1E6164F200C528BC /* WidgetCell.swift */ = {isa = PBXFileReference; fileEncoding = 4; lastKnownFileType = sourcecode.swift; path = WidgetCell.swift; sourceTree = "<group>"; };
		53CE89EC1E61653500C528BC /* WidgetCell.xib */ = {isa = PBXFileReference; fileEncoding = 4; lastKnownFileType = file.xib; path = WidgetCell.xib; sourceTree = "<group>"; };
		53CE89EE1E61716500C528BC /* WidgetHeaderCell.swift */ = {isa = PBXFileReference; fileEncoding = 4; lastKnownFileType = sourcecode.swift; path = WidgetHeaderCell.swift; sourceTree = "<group>"; };
		5B0090C7CC4830DD1B064E54 /* Pods-CPBLFanTests.debug.xcconfig */ = {isa = PBXFileReference; includeInIndex = 1; lastKnownFileType = text.xcconfig; name = "Pods-CPBLFanTests.debug.xcconfig"; path = "Pods/Target Support Files/Pods-CPBLFanTests/Pods-CPBLFanTests.debug.xcconfig"; sourceTree = "<group>"; };
		8CB900F5DEFEBAA58E8EBD95 /* Pods-Schedule-Widget.debug.xcconfig */ = {isa = PBXFileReference; includeInIndex = 1; lastKnownFileType = text.xcconfig; name = "Pods-Schedule-Widget.debug.xcconfig"; path = "Pods/Target Support Files/Pods-Schedule-Widget/Pods-Schedule-Widget.debug.xcconfig"; sourceTree = "<group>"; };
		943B49B7EBD897BE0277A819 /* Pods-Schedule-Widget.release.xcconfig */ = {isa = PBXFileReference; includeInIndex = 1; lastKnownFileType = text.xcconfig; name = "Pods-Schedule-Widget.release.xcconfig"; path = "Pods/Target Support Files/Pods-Schedule-Widget/Pods-Schedule-Widget.release.xcconfig"; sourceTree = "<group>"; };
		9800F6C1BFD0DC46FE73BFFA /* Pods_CPBLFanTests.framework */ = {isa = PBXFileReference; explicitFileType = wrapper.framework; includeInIndex = 0; path = Pods_CPBLFanTests.framework; sourceTree = BUILT_PRODUCTS_DIR; };
		B97B8B3BD2182D65A2A4F0CC /* Pods-Rank-Widget.debug.xcconfig */ = {isa = PBXFileReference; includeInIndex = 1; lastKnownFileType = text.xcconfig; name = "Pods-Rank-Widget.debug.xcconfig"; path = "Pods/Target Support Files/Pods-Rank-Widget/Pods-Rank-Widget.debug.xcconfig"; sourceTree = "<group>"; };
		BB6E4D973F11C15A80172EAE /* Pods-Rank-Widget.release.xcconfig */ = {isa = PBXFileReference; includeInIndex = 1; lastKnownFileType = text.xcconfig; name = "Pods-Rank-Widget.release.xcconfig"; path = "Pods/Target Support Files/Pods-Rank-Widget/Pods-Rank-Widget.release.xcconfig"; sourceTree = "<group>"; };
		C2DA969A0B0630BE49B2AF90 /* Pods_CPBLFan.framework */ = {isa = PBXFileReference; explicitFileType = wrapper.framework; includeInIndex = 0; path = Pods_CPBLFan.framework; sourceTree = BUILT_PRODUCTS_DIR; };
		D64CF72F3CFE322AC61FED4B /* Pods_Rank_Widget.framework */ = {isa = PBXFileReference; explicitFileType = wrapper.framework; includeInIndex = 0; path = Pods_Rank_Widget.framework; sourceTree = BUILT_PRODUCTS_DIR; };
		F3FC4FF9ECC545551F027CFE /* Pods-CPBLFan.release.xcconfig */ = {isa = PBXFileReference; includeInIndex = 1; lastKnownFileType = text.xcconfig; name = "Pods-CPBLFan.release.xcconfig"; path = "Pods/Target Support Files/Pods-CPBLFan/Pods-CPBLFan.release.xcconfig"; sourceTree = "<group>"; };
		F766D370503CE15EE8B674EA /* Pods-CPBLFanTests.release.xcconfig */ = {isa = PBXFileReference; includeInIndex = 1; lastKnownFileType = text.xcconfig; name = "Pods-CPBLFanTests.release.xcconfig"; path = "Pods/Target Support Files/Pods-CPBLFanTests/Pods-CPBLFanTests.release.xcconfig"; sourceTree = "<group>"; };
/* End PBXFileReference section */

/* Begin PBXFrameworksBuildPhase section */
		536B606A1E62A92C0027C796 /* Frameworks */ = {
			isa = PBXFrameworksBuildPhase;
			buildActionMask = 2147483647;
			files = (
				536B606E1E62A92D0027C796 /* NotificationCenter.framework in Frameworks */,
				4A3AAF08335D2A49C9FD9F79 /* Pods_Schedule_Widget.framework in Frameworks */,
			);
			runOnlyForDeploymentPostprocessing = 0;
		};
		53CBA29E1E0D5F5E0012FFFB /* Frameworks */ = {
			isa = PBXFrameworksBuildPhase;
			buildActionMask = 2147483647;
			files = (
				4942F1D4C2E6FAA4B2E0917F /* Pods_CPBLFan.framework in Frameworks */,
			);
			runOnlyForDeploymentPostprocessing = 0;
		};
		53CBA2B41E0D5F5F0012FFFB /* Frameworks */ = {
			isa = PBXFrameworksBuildPhase;
			buildActionMask = 2147483647;
			files = (
				98576FFE086CBF2D2AAECAC2 /* Pods_CPBLFanTests.framework in Frameworks */,
			);
			runOnlyForDeploymentPostprocessing = 0;
		};
		53CBA2BF1E0D5F5F0012FFFB /* Frameworks */ = {
			isa = PBXFrameworksBuildPhase;
			buildActionMask = 2147483647;
			files = (
				E585054292EA96FC3BAE7457 /* Pods_CPBLFanUITests.framework in Frameworks */,
			);
			runOnlyForDeploymentPostprocessing = 0;
		};
		53CE89C61E61532E00C528BC /* Frameworks */ = {
			isa = PBXFrameworksBuildPhase;
			buildActionMask = 2147483647;
			files = (
				53CE89CB1E61532E00C528BC /* NotificationCenter.framework in Frameworks */,
				E372B36DD4EA6CD97FAD642B /* Pods_Rank_Widget.framework in Frameworks */,
			);
			runOnlyForDeploymentPostprocessing = 0;
		};
/* End PBXFrameworksBuildPhase section */

/* Begin PBXGroup section */
		536B606F1E62A92D0027C796 /* Schedule-Widget */ = {
			isa = PBXGroup;
			children = (
				536B60701E62A92D0027C796 /* TodayViewController.swift */,
				536B60721E62A92D0027C796 /* MainInterface.storyboard */,
				536B60751E62A92D0027C796 /* Info.plist */,
				536B607F1E62B5740027C796 /* TodayGameCell.swift */,
				536B60801E62B5740027C796 /* TodayGameCell.xib */,
			);
			path = "Schedule-Widget";
			sourceTree = "<group>";
		};
		53B396E31E1D36C20032D0DA /* Extension */ = {
			isa = PBXGroup;
			children = (
				53B396E41E1D37100032D0DA /* UIBarButtonItem+Addition.swift */,
				5309A2001E227A8600FB0037 /* UIImage+Addition.swift */,
				5353FB8E1E23D6C000BDE259 /* UIColor+Addition.swift */,
			);
			name = Extension;
			sourceTree = "<group>";
		};
		53CBA2981E0D5F5E0012FFFB = {
			isa = PBXGroup;
			children = (
				53CBA2A31E0D5F5F0012FFFB /* CPBLFan */,
				53CBA2BA1E0D5F5F0012FFFB /* CPBLFanTests */,
				53CBA2C51E0D5F5F0012FFFB /* CPBLFanUITests */,
				53CE89CC1E61532E00C528BC /* Rank-Widget */,
				536B606F1E62A92D0027C796 /* Schedule-Widget */,
				53CBA2A21E0D5F5F0012FFFB /* Products */,
				97A7D9A1F9BF4BA2F55CB60C /* Pods */,
				66FD5EA4EBFE2AD74F66A754 /* Frameworks */,
			);
			sourceTree = "<group>";
		};
		53CBA2A21E0D5F5F0012FFFB /* Products */ = {
			isa = PBXGroup;
			children = (
				53CBA2A11E0D5F5E0012FFFB /* CPBLFan.app */,
				53CBA2B71E0D5F5F0012FFFB /* CPBLFanTests.xctest */,
				53CBA2C21E0D5F5F0012FFFB /* CPBLFanUITests.xctest */,
				53CE89C91E61532E00C528BC /* Rank-Widget.appex */,
				536B606D1E62A92C0027C796 /* Schedule-Widget.appex */,
			);
			name = Products;
			sourceTree = "<group>";
		};
		53CBA2A31E0D5F5F0012FFFB /* CPBLFan */ = {
			isa = PBXGroup;
			children = (
				536B60871E6334DB0027C796 /* CPBLFan.entitlements */,
				53B396E31E1D36C20032D0DA /* Extension */,
				53CBA2D71E0D66770012FFFB /* Model */,
				53CBA2E81E0D964B0012FFFB /* ViewModel */,
				53CBA2D81E0D667C0012FFFB /* View */,
				53CBA2D61E0D66660012FFFB /* Helpers */,
				53CBA2A41E0D5F5F0012FFFB /* AppDelegate.swift */,
				53CBA2AA1E0D5F5F0012FFFB /* Main.storyboard */,
				53CBA2AD1E0D5F5F0012FFFB /* Assets.xcassets */,
				53CBA2AF1E0D5F5F0012FFFB /* LaunchScreen.storyboard */,
				53CBA2B21E0D5F5F0012FFFB /* Info.plist */,
				53B396E21E1C04390032D0DA /* CPBLFan-Bridging-Header.h */,
				530976FB1E69AD0700411F46 /* GoogleService-Info.plist */,
				53764B4C1E2FAA3D00FFE77E /* GameSchedule.json */,
			);
			path = CPBLFan;
			sourceTree = "<group>";
		};
		53CBA2BA1E0D5F5F0012FFFB /* CPBLFanTests */ = {
			isa = PBXGroup;
			children = (
				53CBA2BB1E0D5F5F0012FFFB /* CPBLFanTests.swift */,
				53CBA2BD1E0D5F5F0012FFFB /* Info.plist */,
			);
			path = CPBLFanTests;
			sourceTree = "<group>";
		};
		53CBA2C51E0D5F5F0012FFFB /* CPBLFanUITests */ = {
			isa = PBXGroup;
			children = (
				53CBA2C61E0D5F5F0012FFFB /* CPBLFanUITests.swift */,
				53CBA2C81E0D5F5F0012FFFB /* Info.plist */,
			);
			path = CPBLFanUITests;
			sourceTree = "<group>";
		};
		53CBA2D61E0D66660012FFFB /* Helpers */ = {
			isa = PBXGroup;
			children = (
				53CBA2DA1E0D66AB0012FFFB /* APIService.swift */,
				53CBA2E61E0D920D0012FFFB /* TableViewHelper.swift */,
			);
			name = Helpers;
			sourceTree = "<group>";
		};
		53CBA2D71E0D66770012FFFB /* Model */ = {
			isa = PBXGroup;
			children = (
				53788A201E10070F00C3F04B /* News.swift */,
				53215D181E12B3EF00A878B3 /* Video.swift */,
				538F75EA1E20BACE001671EE /* Rank.swift */,
				5353FB8C1E23D5F000BDE259 /* Stats.swift */,
				53359AAD1E27B18B00C29687 /* StatsList.swift */,
				536238041E44CAE20091DA9C /* Game.swift */,
			);
			name = Model;
			sourceTree = "<group>";
		};
		53CBA2D81E0D667C0012FFFB /* View */ = {
			isa = PBXGroup;
			children = (
				53CBA2D91E0D66850012FFFB /* ViewController */,
				53CBA2DC1E0D7DAC0012FFFB /* NewsCell.swift */,
				53CBA2DD1E0D7DAC0012FFFB /* NewsCell.xib */,
				53A6FE2D1E13F72700B68243 /* VideoCell.swift */,
				53A6FE2E1E13F72700B68243 /* VideoCell.xib */,
				531BA2411E1EA7EF00B83B73 /* RankCell.swift */,
				531BA2421E1EA7EF00B83B73 /* RankCell.xib */,
				5309A2061E22961400FB0037 /* RankHeaderCell.swift */,
				5309A2031E228E8A00FB0037 /* RankHeaderCell.xib */,
				5353FB881E23CD7400BDE259 /* StatsCell.swift */,
				5353FB891E23CD7400BDE259 /* StatsCell.xib */,
				535272051E26740D00E1FFC7 /* StatsListCell.swift */,
				535272061E26740D00E1FFC7 /* StatsListCell.xib */,
				5336D25A1E4368A300CAF66A /* GameCell.swift */,
				5336D25B1E4368A300CAF66A /* GameCell.xib */,
				5336D25E1E437A0400CAF66A /* GameHeaderCell.swift */,
				5336D2601E437A2700CAF66A /* GameHeaderCell.xib */,
			);
			name = View;
			sourceTree = "<group>";
		};
		53CBA2D91E0D66850012FFFB /* ViewController */ = {
			isa = PBXGroup;
			children = (
				53CBA2E21E0D80BD0012FFFB /* NewsViewController.swift */,
				53CBA2EB1E0ECC1E0012FFFB /* NewsContentViewController.swift */,
				5354ABE31E1553320034D9E2 /* VideoViewController.swift */,
				53B396E01E1C02D00032D0DA /* VideoPlayerViewController.swift */,
				537CCF881E20BE7B00AFC864 /* RankViewController.swift */,
				5353FB861E23CD4600BDE259 /* StatsViewController.swift */,
				53359AAB1E27ADA500C29687 /* StatsListViewController.swift */,
				5315DA531E2A45A5002509AC /* PlayerViewController.swift */,
				536238001E44C5440091DA9C /* GameScheduleViewController.swift */,
			);
			name = ViewController;
			sourceTree = "<group>";
		};
		53CBA2E81E0D964B0012FFFB /* ViewModel */ = {
			isa = PBXGroup;
			children = (
				53CBA2E91E0D96670012FFFB /* NewsViewModel.swift */,
				534B15791E16CE6B009EA85C /* VideoViewModel.swift */,
				538F75EC1E20BBBF001671EE /* RankViewModel.swift */,
				5354E13A1E2523B800B87E4D /* StatsViewModel.swift */,
				53359AAF1E27B1EA00C29687 /* StatsListViewModel.swift */,
				536238021E44CAA20091DA9C /* GameViewModel.swift */,
			);
			name = ViewModel;
			sourceTree = "<group>";
		};
		53CE89CC1E61532E00C528BC /* Rank-Widget */ = {
			isa = PBXGroup;
			children = (
				53CE89CD1E61532E00C528BC /* TodayViewController.swift */,
				53CE89CF1E61532E00C528BC /* MainInterface.storyboard */,
				53CE89D21E61532E00C528BC /* Info.plist */,
				53CE89EE1E61716500C528BC /* WidgetHeaderCell.swift */,
				53CE89E71E6164DD00C528BC /* WidgetHeaderCell.xib */,
				53CE89EA1E6164F200C528BC /* WidgetCell.swift */,
				53CE89EC1E61653500C528BC /* WidgetCell.xib */,
			);
			path = "Rank-Widget";
			sourceTree = "<group>";
		};
		66FD5EA4EBFE2AD74F66A754 /* Frameworks */ = {
			isa = PBXGroup;
			children = (
				C2DA969A0B0630BE49B2AF90 /* Pods_CPBLFan.framework */,
				9800F6C1BFD0DC46FE73BFFA /* Pods_CPBLFanTests.framework */,
				031AC937497451A2DE3EDB61 /* Pods_CPBLFanUITests.framework */,
				53CE89CA1E61532E00C528BC /* NotificationCenter.framework */,
				D64CF72F3CFE322AC61FED4B /* Pods_Rank_Widget.framework */,
				44F61F5EF3C9A039649C1B27 /* Pods_Schedule_Widget.framework */,
			);
			name = Frameworks;
			sourceTree = "<group>";
		};
		97A7D9A1F9BF4BA2F55CB60C /* Pods */ = {
			isa = PBXGroup;
			children = (
				33A63E445BD3C441C933A21C /* Pods-CPBLFan.debug.xcconfig */,
				F3FC4FF9ECC545551F027CFE /* Pods-CPBLFan.release.xcconfig */,
				5B0090C7CC4830DD1B064E54 /* Pods-CPBLFanTests.debug.xcconfig */,
				F766D370503CE15EE8B674EA /* Pods-CPBLFanTests.release.xcconfig */,
				317D3554E844AE677F4D245D /* Pods-CPBLFanUITests.debug.xcconfig */,
				0214F9294E9FC1F421BE8D43 /* Pods-CPBLFanUITests.release.xcconfig */,
				B97B8B3BD2182D65A2A4F0CC /* Pods-Rank-Widget.debug.xcconfig */,
				BB6E4D973F11C15A80172EAE /* Pods-Rank-Widget.release.xcconfig */,
				8CB900F5DEFEBAA58E8EBD95 /* Pods-Schedule-Widget.debug.xcconfig */,
				943B49B7EBD897BE0277A819 /* Pods-Schedule-Widget.release.xcconfig */,
			);
			name = Pods;
			sourceTree = "<group>";
		};
/* End PBXGroup section */

/* Begin PBXNativeTarget section */
		536B606C1E62A92C0027C796 /* Schedule-Widget */ = {
			isa = PBXNativeTarget;
			buildConfigurationList = 536B607B1E62A92D0027C796 /* Build configuration list for PBXNativeTarget "Schedule-Widget" */;
			buildPhases = (
				53F7FE80F7F411C654366A2D /* [CP] Check Pods Manifest.lock */,
				536B60691E62A92C0027C796 /* Sources */,
				536B606A1E62A92C0027C796 /* Frameworks */,
				536B606B1E62A92C0027C796 /* Resources */,
				F5FD9051CAF9C2B11188E007 /* [CP] Copy Pods Resources */,
			);
			buildRules = (
			);
			dependencies = (
			);
			name = "Schedule-Widget";
			productName = "Schedule-Widget";
			productReference = 536B606D1E62A92C0027C796 /* Schedule-Widget.appex */;
			productType = "com.apple.product-type.app-extension";
		};
		53CBA2A01E0D5F5E0012FFFB /* CPBLFan */ = {
			isa = PBXNativeTarget;
			buildConfigurationList = 53CBA2CB1E0D5F5F0012FFFB /* Build configuration list for PBXNativeTarget "CPBLFan" */;
			buildPhases = (
				24982F13417E05BD5FD3B7C6 /* [CP] Check Pods Manifest.lock */,
				53CBA29D1E0D5F5E0012FFFB /* Sources */,
				53CBA29E1E0D5F5E0012FFFB /* Frameworks */,
				53CBA29F1E0D5F5E0012FFFB /* Resources */,
				FE943A1C9D99A2F89B907D09 /* [CP] Embed Pods Frameworks */,
				8F5917E1E56841991615686F /* [CP] Copy Pods Resources */,
				530152331E0FBABB00AE6FDE /* Embed App Extensions */,
				53B568CB1E68605800F9AE7A /* ShellScript */,
			);
			buildRules = (
			);
			dependencies = (
				53CE89D41E61532E00C528BC /* PBXTargetDependency */,
				536B60771E62A92D0027C796 /* PBXTargetDependency */,
			);
			name = CPBLFan;
			productName = CPBLFan;
			productReference = 53CBA2A11E0D5F5E0012FFFB /* CPBLFan.app */;
			productType = "com.apple.product-type.application";
		};
		53CBA2B61E0D5F5F0012FFFB /* CPBLFanTests */ = {
			isa = PBXNativeTarget;
			buildConfigurationList = 53CBA2CE1E0D5F5F0012FFFB /* Build configuration list for PBXNativeTarget "CPBLFanTests" */;
			buildPhases = (
				379115E60D7B0C77C036D754 /* [CP] Check Pods Manifest.lock */,
				53CBA2B31E0D5F5F0012FFFB /* Sources */,
				53CBA2B41E0D5F5F0012FFFB /* Frameworks */,
				53CBA2B51E0D5F5F0012FFFB /* Resources */,
				0D66231C9B825992D228026C /* [CP] Embed Pods Frameworks */,
				EE76B49BB691036C6373D61E /* [CP] Copy Pods Resources */,
			);
			buildRules = (
			);
			dependencies = (
				53CBA2B91E0D5F5F0012FFFB /* PBXTargetDependency */,
			);
			name = CPBLFanTests;
			productName = CPBLFanTests;
			productReference = 53CBA2B71E0D5F5F0012FFFB /* CPBLFanTests.xctest */;
			productType = "com.apple.product-type.bundle.unit-test";
		};
		53CBA2C11E0D5F5F0012FFFB /* CPBLFanUITests */ = {
			isa = PBXNativeTarget;
			buildConfigurationList = 53CBA2D11E0D5F5F0012FFFB /* Build configuration list for PBXNativeTarget "CPBLFanUITests" */;
			buildPhases = (
				0A946770A0FA221DFC913A8E /* [CP] Check Pods Manifest.lock */,
				53CBA2BE1E0D5F5F0012FFFB /* Sources */,
				53CBA2BF1E0D5F5F0012FFFB /* Frameworks */,
				53CBA2C01E0D5F5F0012FFFB /* Resources */,
				6E1F6CC89FDBFE856ED47CEE /* [CP] Embed Pods Frameworks */,
				28ADA20DBD7E6D7777773C1C /* [CP] Copy Pods Resources */,
			);
			buildRules = (
			);
			dependencies = (
				53CBA2C41E0D5F5F0012FFFB /* PBXTargetDependency */,
			);
			name = CPBLFanUITests;
			productName = CPBLFanUITests;
			productReference = 53CBA2C21E0D5F5F0012FFFB /* CPBLFanUITests.xctest */;
			productType = "com.apple.product-type.bundle.ui-testing";
		};
		53CE89C81E61532E00C528BC /* Rank-Widget */ = {
			isa = PBXNativeTarget;
			buildConfigurationList = 53CE89D81E61532E00C528BC /* Build configuration list for PBXNativeTarget "Rank-Widget" */;
			buildPhases = (
				A92D439B20574D03C2EE9CB6 /* [CP] Check Pods Manifest.lock */,
				53CE89C51E61532E00C528BC /* Sources */,
				53CE89C61E61532E00C528BC /* Frameworks */,
				53CE89C71E61532E00C528BC /* Resources */,
				9A1DC672BD1E4CEC1AC0A484 /* [CP] Copy Pods Resources */,
			);
			buildRules = (
			);
			dependencies = (
			);
			name = "Rank-Widget";
			productName = "Rank-Widget";
			productReference = 53CE89C91E61532E00C528BC /* Rank-Widget.appex */;
			productType = "com.apple.product-type.app-extension";
		};
/* End PBXNativeTarget section */

/* Begin PBXProject section */
		53CBA2991E0D5F5E0012FFFB /* Project object */ = {
			isa = PBXProject;
			attributes = {
				LastSwiftUpdateCheck = 0820;
				LastUpgradeCheck = 0830;
				ORGANIZATIONNAME = Sparkr;
				TargetAttributes = {
					536B606C1E62A92C0027C796 = {
						CreatedOnToolsVersion = 8.2.1;
						DevelopmentTeam = 8MREJM6257;
						ProvisioningStyle = Manual;
					};
					53CBA2A01E0D5F5E0012FFFB = {
						CreatedOnToolsVersion = 8.2.1;
						DevelopmentTeam = 8MREJM6257;
						ProvisioningStyle = Manual;
						SystemCapabilities = {
							com.apple.ApplicationGroups.iOS = {
								enabled = 0;
							};
							com.apple.BackgroundModes = {
								enabled = 1;
							};
							com.apple.Keychain = {
								enabled = 1;
							};
							com.apple.Push = {
								enabled = 1;
							};
						};
					};
					53CBA2B61E0D5F5F0012FFFB = {
						CreatedOnToolsVersion = 8.2.1;
						DevelopmentTeam = 8MREJM6257;
						ProvisioningStyle = Automatic;
						TestTargetID = 53CBA2A01E0D5F5E0012FFFB;
					};
					53CBA2C11E0D5F5F0012FFFB = {
						CreatedOnToolsVersion = 8.2.1;
						DevelopmentTeam = 8MREJM6257;
						ProvisioningStyle = Automatic;
						TestTargetID = 53CBA2A01E0D5F5E0012FFFB;
					};
					53CE89C81E61532E00C528BC = {
						CreatedOnToolsVersion = 8.2.1;
						DevelopmentTeam = 8MREJM6257;
						ProvisioningStyle = Manual;
					};
				};
			};
			buildConfigurationList = 53CBA29C1E0D5F5E0012FFFB /* Build configuration list for PBXProject "CPBLFan" */;
			compatibilityVersion = "Xcode 3.2";
			developmentRegion = English;
			hasScannedForEncodings = 0;
			knownRegions = (
				Base,
				"zh-Hant",
			);
			mainGroup = 53CBA2981E0D5F5E0012FFFB;
			productRefGroup = 53CBA2A21E0D5F5F0012FFFB /* Products */;
			projectDirPath = "";
			projectRoot = "";
			targets = (
				53CBA2A01E0D5F5E0012FFFB /* CPBLFan */,
				53CBA2B61E0D5F5F0012FFFB /* CPBLFanTests */,
				53CBA2C11E0D5F5F0012FFFB /* CPBLFanUITests */,
				53CE89C81E61532E00C528BC /* Rank-Widget */,
				536B606C1E62A92C0027C796 /* Schedule-Widget */,
			);
		};
/* End PBXProject section */

/* Begin PBXResourcesBuildPhase section */
		536B606B1E62A92C0027C796 /* Resources */ = {
			isa = PBXResourcesBuildPhase;
			buildActionMask = 2147483647;
			files = (
				536B60741E62A92D0027C796 /* MainInterface.storyboard in Resources */,
				530976FD1E69B1CA00411F46 /* GoogleService-Info.plist in Resources */,
				536B60821E62B5740027C796 /* TodayGameCell.xib in Resources */,
				536B60861E62DEC10027C796 /* Assets.xcassets in Resources */,
			);
			runOnlyForDeploymentPostprocessing = 0;
		};
		53CBA29F1E0D5F5E0012FFFB /* Resources */ = {
			isa = PBXResourcesBuildPhase;
			buildActionMask = 2147483647;
			files = (
				530976FC1E69AD0700411F46 /* GoogleService-Info.plist in Resources */,
				53A6FE301E13F72700B68243 /* VideoCell.xib in Resources */,
				53CBA2B11E0D5F5F0012FFFB /* LaunchScreen.storyboard in Resources */,
				53CBA2AE1E0D5F5F0012FFFB /* Assets.xcassets in Resources */,
				53CBA2DF1E0D7DAC0012FFFB /* NewsCell.xib in Resources */,
				53764B4D1E2FAA3D00FFE77E /* GameSchedule.json in Resources */,
				53CBA2AC1E0D5F5F0012FFFB /* Main.storyboard in Resources */,
				5353FB8B1E23CD7400BDE259 /* StatsCell.xib in Resources */,
				535272081E26740D00E1FFC7 /* StatsListCell.xib in Resources */,
				5309A2051E228E8A00FB0037 /* RankHeaderCell.xib in Resources */,
				531BA2441E1EA7EF00B83B73 /* RankCell.xib in Resources */,
				5336D2611E437A2700CAF66A /* GameHeaderCell.xib in Resources */,
				5336D25D1E4368A300CAF66A /* GameCell.xib in Resources */,
			);
			runOnlyForDeploymentPostprocessing = 0;
		};
		53CBA2B51E0D5F5F0012FFFB /* Resources */ = {
			isa = PBXResourcesBuildPhase;
			buildActionMask = 2147483647;
			files = (
			);
			runOnlyForDeploymentPostprocessing = 0;
		};
		53CBA2C01E0D5F5F0012FFFB /* Resources */ = {
			isa = PBXResourcesBuildPhase;
			buildActionMask = 2147483647;
			files = (
			);
			runOnlyForDeploymentPostprocessing = 0;
		};
		53CE89C71E61532E00C528BC /* Resources */ = {
			isa = PBXResourcesBuildPhase;
			buildActionMask = 2147483647;
			files = (
				53CE89E91E6164DD00C528BC /* WidgetHeaderCell.xib in Resources */,
				53CE89D11E61532E00C528BC /* MainInterface.storyboard in Resources */,
				53CE89ED1E61653500C528BC /* WidgetCell.xib in Resources */,
				53CE89E51E6160A900C528BC /* Assets.xcassets in Resources */,
			);
			runOnlyForDeploymentPostprocessing = 0;
		};
/* End PBXResourcesBuildPhase section */

/* Begin PBXShellScriptBuildPhase section */
		0A946770A0FA221DFC913A8E /* [CP] Check Pods Manifest.lock */ = {
			isa = PBXShellScriptBuildPhase;
			buildActionMask = 2147483647;
			files = (
			);
			inputPaths = (
			);
			name = "[CP] Check Pods Manifest.lock";
			outputPaths = (
			);
			runOnlyForDeploymentPostprocessing = 0;
			shellPath = /bin/sh;
			shellScript = "diff \"${PODS_ROOT}/../Podfile.lock\" \"${PODS_ROOT}/Manifest.lock\" > /dev/null\nif [ $? != 0 ] ; then\n    # print error to STDERR\n    echo \"error: The sandbox is not in sync with the Podfile.lock. Run 'pod install' or update your CocoaPods installation.\" >&2\n    exit 1\nfi\n";
			showEnvVarsInLog = 0;
		};
		0D66231C9B825992D228026C /* [CP] Embed Pods Frameworks */ = {
			isa = PBXShellScriptBuildPhase;
			buildActionMask = 2147483647;
			files = (
			);
			inputPaths = (
			);
			name = "[CP] Embed Pods Frameworks";
			outputPaths = (
			);
			runOnlyForDeploymentPostprocessing = 0;
			shellPath = /bin/sh;
			shellScript = "\"${SRCROOT}/Pods/Target Support Files/Pods-CPBLFanTests/Pods-CPBLFanTests-frameworks.sh\"\n";
			showEnvVarsInLog = 0;
		};
		24982F13417E05BD5FD3B7C6 /* [CP] Check Pods Manifest.lock */ = {
			isa = PBXShellScriptBuildPhase;
			buildActionMask = 2147483647;
			files = (
			);
			inputPaths = (
			);
			name = "[CP] Check Pods Manifest.lock";
			outputPaths = (
			);
			runOnlyForDeploymentPostprocessing = 0;
			shellPath = /bin/sh;
			shellScript = "diff \"${PODS_ROOT}/../Podfile.lock\" \"${PODS_ROOT}/Manifest.lock\" > /dev/null\nif [ $? != 0 ] ; then\n    # print error to STDERR\n    echo \"error: The sandbox is not in sync with the Podfile.lock. Run 'pod install' or update your CocoaPods installation.\" >&2\n    exit 1\nfi\n";
			showEnvVarsInLog = 0;
		};
		28ADA20DBD7E6D7777773C1C /* [CP] Copy Pods Resources */ = {
			isa = PBXShellScriptBuildPhase;
			buildActionMask = 2147483647;
			files = (
			);
			inputPaths = (
			);
			name = "[CP] Copy Pods Resources";
			outputPaths = (
			);
			runOnlyForDeploymentPostprocessing = 0;
			shellPath = /bin/sh;
			shellScript = "\"${SRCROOT}/Pods/Target Support Files/Pods-CPBLFanUITests/Pods-CPBLFanUITests-resources.sh\"\n";
			showEnvVarsInLog = 0;
		};
		379115E60D7B0C77C036D754 /* [CP] Check Pods Manifest.lock */ = {
			isa = PBXShellScriptBuildPhase;
			buildActionMask = 2147483647;
			files = (
			);
			inputPaths = (
			);
			name = "[CP] Check Pods Manifest.lock";
			outputPaths = (
			);
			runOnlyForDeploymentPostprocessing = 0;
			shellPath = /bin/sh;
			shellScript = "diff \"${PODS_ROOT}/../Podfile.lock\" \"${PODS_ROOT}/Manifest.lock\" > /dev/null\nif [ $? != 0 ] ; then\n    # print error to STDERR\n    echo \"error: The sandbox is not in sync with the Podfile.lock. Run 'pod install' or update your CocoaPods installation.\" >&2\n    exit 1\nfi\n";
			showEnvVarsInLog = 0;
		};
		53B568CB1E68605800F9AE7A /* ShellScript */ = {
			isa = PBXShellScriptBuildPhase;
			buildActionMask = 2147483647;
			files = (
			);
			inputPaths = (
			);
			outputPaths = (
			);
			runOnlyForDeploymentPostprocessing = 0;
			shellPath = /bin/sh;
			shellScript = "# Replace this with the GOOGLE_APP_ID from your GoogleService-Info.plist file\nGOOGLE_APP_ID=1:4885271827:ios:d9648250693bc047\n\n# Replace the /Path/To/ServiceAccount.json with the path to the key you just downloaded\n\"${PODS_ROOT}\"/FirebaseCrash/upload-sym \"${PODS_ROOT}\"/FirebaseCrash/\"cpbl-fans-firebase-crashreporting-q84tj-50897277fc.json\"";
		};
		53F7FE80F7F411C654366A2D /* [CP] Check Pods Manifest.lock */ = {
			isa = PBXShellScriptBuildPhase;
			buildActionMask = 2147483647;
			files = (
			);
			inputPaths = (
			);
			name = "[CP] Check Pods Manifest.lock";
			outputPaths = (
			);
			runOnlyForDeploymentPostprocessing = 0;
			shellPath = /bin/sh;
			shellScript = "diff \"${PODS_ROOT}/../Podfile.lock\" \"${PODS_ROOT}/Manifest.lock\" > /dev/null\nif [ $? != 0 ] ; then\n    # print error to STDERR\n    echo \"error: The sandbox is not in sync with the Podfile.lock. Run 'pod install' or update your CocoaPods installation.\" >&2\n    exit 1\nfi\n";
			showEnvVarsInLog = 0;
		};
		6E1F6CC89FDBFE856ED47CEE /* [CP] Embed Pods Frameworks */ = {
			isa = PBXShellScriptBuildPhase;
			buildActionMask = 2147483647;
			files = (
			);
			inputPaths = (
			);
			name = "[CP] Embed Pods Frameworks";
			outputPaths = (
			);
			runOnlyForDeploymentPostprocessing = 0;
			shellPath = /bin/sh;
			shellScript = "\"${SRCROOT}/Pods/Target Support Files/Pods-CPBLFanUITests/Pods-CPBLFanUITests-frameworks.sh\"\n";
			showEnvVarsInLog = 0;
		};
		8F5917E1E56841991615686F /* [CP] Copy Pods Resources */ = {
			isa = PBXShellScriptBuildPhase;
			buildActionMask = 2147483647;
			files = (
			);
			inputPaths = (
			);
			name = "[CP] Copy Pods Resources";
			outputPaths = (
			);
			runOnlyForDeploymentPostprocessing = 0;
			shellPath = /bin/sh;
			shellScript = "\"${SRCROOT}/Pods/Target Support Files/Pods-CPBLFan/Pods-CPBLFan-resources.sh\"\n";
			showEnvVarsInLog = 0;
		};
		9A1DC672BD1E4CEC1AC0A484 /* [CP] Copy Pods Resources */ = {
			isa = PBXShellScriptBuildPhase;
			buildActionMask = 2147483647;
			files = (
			);
			inputPaths = (
			);
			name = "[CP] Copy Pods Resources";
			outputPaths = (
			);
			runOnlyForDeploymentPostprocessing = 0;
			shellPath = /bin/sh;
			shellScript = "\"${SRCROOT}/Pods/Target Support Files/Pods-Rank-Widget/Pods-Rank-Widget-resources.sh\"\n";
			showEnvVarsInLog = 0;
		};
		A92D439B20574D03C2EE9CB6 /* [CP] Check Pods Manifest.lock */ = {
			isa = PBXShellScriptBuildPhase;
			buildActionMask = 2147483647;
			files = (
			);
			inputPaths = (
			);
			name = "[CP] Check Pods Manifest.lock";
			outputPaths = (
			);
			runOnlyForDeploymentPostprocessing = 0;
			shellPath = /bin/sh;
			shellScript = "diff \"${PODS_ROOT}/../Podfile.lock\" \"${PODS_ROOT}/Manifest.lock\" > /dev/null\nif [ $? != 0 ] ; then\n    # print error to STDERR\n    echo \"error: The sandbox is not in sync with the Podfile.lock. Run 'pod install' or update your CocoaPods installation.\" >&2\n    exit 1\nfi\n";
			showEnvVarsInLog = 0;
		};
		EE76B49BB691036C6373D61E /* [CP] Copy Pods Resources */ = {
			isa = PBXShellScriptBuildPhase;
			buildActionMask = 2147483647;
			files = (
			);
			inputPaths = (
			);
			name = "[CP] Copy Pods Resources";
			outputPaths = (
			);
			runOnlyForDeploymentPostprocessing = 0;
			shellPath = /bin/sh;
			shellScript = "\"${SRCROOT}/Pods/Target Support Files/Pods-CPBLFanTests/Pods-CPBLFanTests-resources.sh\"\n";
			showEnvVarsInLog = 0;
		};
		F5FD9051CAF9C2B11188E007 /* [CP] Copy Pods Resources */ = {
			isa = PBXShellScriptBuildPhase;
			buildActionMask = 2147483647;
			files = (
			);
			inputPaths = (
			);
			name = "[CP] Copy Pods Resources";
			outputPaths = (
			);
			runOnlyForDeploymentPostprocessing = 0;
			shellPath = /bin/sh;
			shellScript = "\"${SRCROOT}/Pods/Target Support Files/Pods-Schedule-Widget/Pods-Schedule-Widget-resources.sh\"\n";
			showEnvVarsInLog = 0;
		};
		FE943A1C9D99A2F89B907D09 /* [CP] Embed Pods Frameworks */ = {
			isa = PBXShellScriptBuildPhase;
			buildActionMask = 2147483647;
			files = (
			);
			inputPaths = (
			);
			name = "[CP] Embed Pods Frameworks";
			outputPaths = (
			);
			runOnlyForDeploymentPostprocessing = 0;
			shellPath = /bin/sh;
			shellScript = "\"${SRCROOT}/Pods/Target Support Files/Pods-CPBLFan/Pods-CPBLFan-frameworks.sh\"\n";
			showEnvVarsInLog = 0;
		};
/* End PBXShellScriptBuildPhase section */

/* Begin PBXSourcesBuildPhase section */
		536B60691E62A92C0027C796 /* Sources */ = {
			isa = PBXSourcesBuildPhase;
			buildActionMask = 2147483647;
			files = (
				536B60811E62B5740027C796 /* TodayGameCell.swift in Sources */,
				536B60831E62B77E0027C796 /* UIImage+Addition.swift in Sources */,
				536B60841E62C8E40027C796 /* Game.swift in Sources */,
				536B607E1E62B5420027C796 /* GameViewModel.swift in Sources */,
				536B607C1E62B53A0027C796 /* APIService.swift in Sources */,
				536B607D1E62B53A0027C796 /* TableViewHelper.swift in Sources */,
				536B60711E62A92D0027C796 /* TodayViewController.swift in Sources */,
			);
			runOnlyForDeploymentPostprocessing = 0;
		};
		53CBA29D1E0D5F5E0012FFFB /* Sources */ = {
			isa = PBXSourcesBuildPhase;
			buildActionMask = 2147483647;
			files = (
				5354E13B1E2523B800B87E4D /* StatsViewModel.swift in Sources */,
				535272071E26740D00E1FFC7 /* StatsListCell.swift in Sources */,
				53B396E51E1D37100032D0DA /* UIBarButtonItem+Addition.swift in Sources */,
				53CBA2DB1E0D66AB0012FFFB /* APIService.swift in Sources */,
				531BA2431E1EA7EF00B83B73 /* RankCell.swift in Sources */,
				53CBA2EA1E0D96670012FFFB /* NewsViewModel.swift in Sources */,
				5353FB871E23CD4600BDE259 /* StatsViewController.swift in Sources */,
				5309A2071E22961400FB0037 /* RankHeaderCell.swift in Sources */,
				53B396E11E1C02D00032D0DA /* VideoPlayerViewController.swift in Sources */,
				53359AAE1E27B18B00C29687 /* StatsList.swift in Sources */,
				53788A211E10070F00C3F04B /* News.swift in Sources */,
				537CCF891E20BE7B00AFC864 /* RankViewController.swift in Sources */,
				53CBA2A51E0D5F5F0012FFFB /* AppDelegate.swift in Sources */,
				53215D191E12B3EF00A878B3 /* Video.swift in Sources */,
				53A6FE2F1E13F72700B68243 /* VideoCell.swift in Sources */,
				5354ABE41E1553320034D9E2 /* VideoViewController.swift in Sources */,
				536238051E44CAE20091DA9C /* Game.swift in Sources */,
				5353FB8F1E23D6C000BDE259 /* UIColor+Addition.swift in Sources */,
				5353FB8D1E23D5F000BDE259 /* Stats.swift in Sources */,
				5336D25F1E437A0400CAF66A /* GameHeaderCell.swift in Sources */,
				538F75ED1E20BBBF001671EE /* RankViewModel.swift in Sources */,
				53359AAC1E27ADA500C29687 /* StatsListViewController.swift in Sources */,
				53CBA2DE1E0D7DAC0012FFFB /* NewsCell.swift in Sources */,
				5353FB8A1E23CD7400BDE259 /* StatsCell.swift in Sources */,
				53359AB01E27B1EA00C29687 /* StatsListViewModel.swift in Sources */,
				536238031E44CAA20091DA9C /* GameViewModel.swift in Sources */,
				5309A2011E227A8600FB0037 /* UIImage+Addition.swift in Sources */,
				53CBA2EC1E0ECC1E0012FFFB /* NewsContentViewController.swift in Sources */,
				53CBA2E71E0D920D0012FFFB /* TableViewHelper.swift in Sources */,
				534B157A1E16CE6B009EA85C /* VideoViewModel.swift in Sources */,
				538F75EB1E20BACE001671EE /* Rank.swift in Sources */,
				536238011E44C5440091DA9C /* GameScheduleViewController.swift in Sources */,
				53CBA2E31E0D80BD0012FFFB /* NewsViewController.swift in Sources */,
				5336D25C1E4368A300CAF66A /* GameCell.swift in Sources */,
				5315DA541E2A45A5002509AC /* PlayerViewController.swift in Sources */,
			);
			runOnlyForDeploymentPostprocessing = 0;
		};
		53CBA2B31E0D5F5F0012FFFB /* Sources */ = {
			isa = PBXSourcesBuildPhase;
			buildActionMask = 2147483647;
			files = (
				53CBA2BC1E0D5F5F0012FFFB /* CPBLFanTests.swift in Sources */,
			);
			runOnlyForDeploymentPostprocessing = 0;
		};
		53CBA2BE1E0D5F5F0012FFFB /* Sources */ = {
			isa = PBXSourcesBuildPhase;
			buildActionMask = 2147483647;
			files = (
				53CBA2C71E0D5F5F0012FFFB /* CPBLFanUITests.swift in Sources */,
			);
			runOnlyForDeploymentPostprocessing = 0;
		};
		53CE89C51E61532E00C528BC /* Sources */ = {
			isa = PBXSourcesBuildPhase;
			buildActionMask = 2147483647;
			files = (
				53CE89CE1E61532E00C528BC /* TodayViewController.swift in Sources */,
				53CE89EB1E6164F200C528BC /* WidgetCell.swift in Sources */,
				53CE89E21E615C6E00C528BC /* Rank.swift in Sources */,
				53CE89E01E615C4D00C528BC /* UIImage+Addition.swift in Sources */,
				53CE89DB1E6155B600C528BC /* APIService.swift in Sources */,
				53CE89DD1E6155F000C528BC /* RankViewModel.swift in Sources */,
				53CE89EF1E61716500C528BC /* WidgetHeaderCell.swift in Sources */,
				53CE89DC1E6155B600C528BC /* TableViewHelper.swift in Sources */,
			);
			runOnlyForDeploymentPostprocessing = 0;
		};
/* End PBXSourcesBuildPhase section */

/* Begin PBXTargetDependency section */
		536B60771E62A92D0027C796 /* PBXTargetDependency */ = {
			isa = PBXTargetDependency;
			target = 536B606C1E62A92C0027C796 /* Schedule-Widget */;
			targetProxy = 536B60761E62A92D0027C796 /* PBXContainerItemProxy */;
		};
		53CBA2B91E0D5F5F0012FFFB /* PBXTargetDependency */ = {
			isa = PBXTargetDependency;
			target = 53CBA2A01E0D5F5E0012FFFB /* CPBLFan */;
			targetProxy = 53CBA2B81E0D5F5F0012FFFB /* PBXContainerItemProxy */;
		};
		53CBA2C41E0D5F5F0012FFFB /* PBXTargetDependency */ = {
			isa = PBXTargetDependency;
			target = 53CBA2A01E0D5F5E0012FFFB /* CPBLFan */;
			targetProxy = 53CBA2C31E0D5F5F0012FFFB /* PBXContainerItemProxy */;
		};
		53CE89D41E61532E00C528BC /* PBXTargetDependency */ = {
			isa = PBXTargetDependency;
			target = 53CE89C81E61532E00C528BC /* Rank-Widget */;
			targetProxy = 53CE89D31E61532E00C528BC /* PBXContainerItemProxy */;
		};
/* End PBXTargetDependency section */

/* Begin PBXVariantGroup section */
		536B60721E62A92D0027C796 /* MainInterface.storyboard */ = {
			isa = PBXVariantGroup;
			children = (
				536B60731E62A92D0027C796 /* Base */,
			);
			name = MainInterface.storyboard;
			sourceTree = "<group>";
		};
		53CBA2AA1E0D5F5F0012FFFB /* Main.storyboard */ = {
			isa = PBXVariantGroup;
			children = (
				53CBA2AB1E0D5F5F0012FFFB /* Base */,
			);
			name = Main.storyboard;
			sourceTree = "<group>";
		};
		53CBA2AF1E0D5F5F0012FFFB /* LaunchScreen.storyboard */ = {
			isa = PBXVariantGroup;
			children = (
				53CBA2B01E0D5F5F0012FFFB /* Base */,
			);
			name = LaunchScreen.storyboard;
			sourceTree = "<group>";
		};
		53CE89CF1E61532E00C528BC /* MainInterface.storyboard */ = {
			isa = PBXVariantGroup;
			children = (
				53CE89D01E61532E00C528BC /* Base */,
			);
			name = MainInterface.storyboard;
			sourceTree = "<group>";
		};
/* End PBXVariantGroup section */

/* Begin XCBuildConfiguration section */
		536B60791E62A92D0027C796 /* Debug */ = {
			isa = XCBuildConfiguration;
			baseConfigurationReference = 8CB900F5DEFEBAA58E8EBD95 /* Pods-Schedule-Widget.debug.xcconfig */;
			buildSettings = {
				"CODE_SIGN_IDENTITY[sdk=iphoneos*]" = "iPhone Distribution";
				DEVELOPMENT_TEAM = 8MREJM6257;
				INFOPLIST_FILE = "Schedule-Widget/Info.plist";
				IPHONEOS_DEPLOYMENT_TARGET = 9.0;
				LD_RUNPATH_SEARCH_PATHS = "$(inherited) @executable_path/Frameworks @executable_path/../../Frameworks";
				PRODUCT_BUNDLE_IDENTIFIER = "sparkr.CPBLFan.Schedule-Widget";
				PRODUCT_NAME = "$(TARGET_NAME)";
				PROVISIONING_PROFILE = "8a276960-7ae1-4aa0-b1e4-f569745c93d8";
				PROVISIONING_PROFILE_SPECIFIER = "CPBLFan-Schedule-Widget";
				SKIP_INSTALL = YES;
				SWIFT_VERSION = 3.0;
			};
			name = Debug;
		};
		536B607A1E62A92D0027C796 /* Release */ = {
			isa = XCBuildConfiguration;
			baseConfigurationReference = 943B49B7EBD897BE0277A819 /* Pods-Schedule-Widget.release.xcconfig */;
			buildSettings = {
				"CODE_SIGN_IDENTITY[sdk=iphoneos*]" = "iPhone Distribution";
				DEVELOPMENT_TEAM = 8MREJM6257;
				INFOPLIST_FILE = "Schedule-Widget/Info.plist";
				IPHONEOS_DEPLOYMENT_TARGET = 9.0;
				LD_RUNPATH_SEARCH_PATHS = "$(inherited) @executable_path/Frameworks @executable_path/../../Frameworks";
				PRODUCT_BUNDLE_IDENTIFIER = "sparkr.CPBLFan.Schedule-Widget";
				PRODUCT_NAME = "$(TARGET_NAME)";
				PROVISIONING_PROFILE = "8a276960-7ae1-4aa0-b1e4-f569745c93d8";
				PROVISIONING_PROFILE_SPECIFIER = "CPBLFan-Schedule-Widget";
				SKIP_INSTALL = YES;
				SWIFT_VERSION = 3.0;
			};
			name = Release;
		};
		53CBA2C91E0D5F5F0012FFFB /* Debug */ = {
			isa = XCBuildConfiguration;
			buildSettings = {
				ALWAYS_SEARCH_USER_PATHS = NO;
				CLANG_ANALYZER_LOCALIZABILITY_NONLOCALIZED = YES;
				CLANG_ANALYZER_NONNULL = YES;
				CLANG_CXX_LANGUAGE_STANDARD = "gnu++0x";
				CLANG_CXX_LIBRARY = "libc++";
				CLANG_ENABLE_MODULES = YES;
				CLANG_ENABLE_OBJC_ARC = YES;
				CLANG_WARN_BOOL_CONVERSION = YES;
				CLANG_WARN_CONSTANT_CONVERSION = YES;
				CLANG_WARN_DIRECT_OBJC_ISA_USAGE = YES_ERROR;
				CLANG_WARN_DOCUMENTATION_COMMENTS = YES;
				CLANG_WARN_EMPTY_BODY = YES;
				CLANG_WARN_ENUM_CONVERSION = YES;
				CLANG_WARN_INFINITE_RECURSION = YES;
				CLANG_WARN_INT_CONVERSION = YES;
				CLANG_WARN_OBJC_ROOT_CLASS = YES_ERROR;
				CLANG_WARN_SUSPICIOUS_MOVE = YES;
				CLANG_WARN_UNREACHABLE_CODE = YES;
				CLANG_WARN__DUPLICATE_METHOD_MATCH = YES;
				CODE_SIGN_IDENTITY = "iPhone Developer: Tun-Kai Yang (QMVFD9YCH5)";
				"CODE_SIGN_IDENTITY[sdk=iphoneos*]" = "iPhone Developer: Tun-Kai Yang (QMVFD9YCH5)";
				COPY_PHASE_STRIP = NO;
				DEBUG_INFORMATION_FORMAT = dwarf;
				DEVELOPMENT_TEAM = 8MREJM6257;
				ENABLE_STRICT_OBJC_MSGSEND = YES;
				ENABLE_TESTABILITY = YES;
				GCC_C_LANGUAGE_STANDARD = gnu99;
				GCC_DYNAMIC_NO_PIC = NO;
				GCC_NO_COMMON_BLOCKS = YES;
				GCC_OPTIMIZATION_LEVEL = 0;
				GCC_PREPROCESSOR_DEFINITIONS = (
					"DEBUG=1",
					"$(inherited)",
				);
				GCC_WARN_64_TO_32_BIT_CONVERSION = YES;
				GCC_WARN_ABOUT_RETURN_TYPE = YES_ERROR;
				GCC_WARN_UNDECLARED_SELECTOR = YES;
				GCC_WARN_UNINITIALIZED_AUTOS = YES_AGGRESSIVE;
				GCC_WARN_UNUSED_FUNCTION = YES;
				GCC_WARN_UNUSED_VARIABLE = YES;
				IPHONEOS_DEPLOYMENT_TARGET = 9.0;
				MTL_ENABLE_DEBUG_INFO = YES;
				ONLY_ACTIVE_ARCH = YES;
				SDKROOT = iphoneos;
				SWIFT_ACTIVE_COMPILATION_CONDITIONS = DEBUG;
				SWIFT_OPTIMIZATION_LEVEL = "-Onone";
				TARGETED_DEVICE_FAMILY = "1,2";
			};
			name = Debug;
		};
		53CBA2CA1E0D5F5F0012FFFB /* Release */ = {
			isa = XCBuildConfiguration;
			buildSettings = {
				ALWAYS_SEARCH_USER_PATHS = NO;
				CLANG_ANALYZER_LOCALIZABILITY_NONLOCALIZED = YES;
				CLANG_ANALYZER_NONNULL = YES;
				CLANG_CXX_LANGUAGE_STANDARD = "gnu++0x";
				CLANG_CXX_LIBRARY = "libc++";
				CLANG_ENABLE_MODULES = YES;
				CLANG_ENABLE_OBJC_ARC = YES;
				CLANG_WARN_BOOL_CONVERSION = YES;
				CLANG_WARN_CONSTANT_CONVERSION = YES;
				CLANG_WARN_DIRECT_OBJC_ISA_USAGE = YES_ERROR;
				CLANG_WARN_DOCUMENTATION_COMMENTS = YES;
				CLANG_WARN_EMPTY_BODY = YES;
				CLANG_WARN_ENUM_CONVERSION = YES;
				CLANG_WARN_INFINITE_RECURSION = YES;
				CLANG_WARN_INT_CONVERSION = YES;
				CLANG_WARN_OBJC_ROOT_CLASS = YES_ERROR;
				CLANG_WARN_SUSPICIOUS_MOVE = YES;
				CLANG_WARN_UNREACHABLE_CODE = YES;
				CLANG_WARN__DUPLICATE_METHOD_MATCH = YES;
				CODE_SIGN_IDENTITY = "iPhone Distribution: Tun-Kai Yang (8MREJM6257)";
				"CODE_SIGN_IDENTITY[sdk=iphoneos*]" = "iPhone Distribution: Tun-Kai Yang (8MREJM6257)";
				COPY_PHASE_STRIP = NO;
				DEBUG_INFORMATION_FORMAT = "dwarf-with-dsym";
				DEVELOPMENT_TEAM = 8MREJM6257;
				ENABLE_NS_ASSERTIONS = NO;
				ENABLE_STRICT_OBJC_MSGSEND = YES;
				GCC_C_LANGUAGE_STANDARD = gnu99;
				GCC_NO_COMMON_BLOCKS = YES;
				GCC_WARN_64_TO_32_BIT_CONVERSION = YES;
				GCC_WARN_ABOUT_RETURN_TYPE = YES_ERROR;
				GCC_WARN_UNDECLARED_SELECTOR = YES;
				GCC_WARN_UNINITIALIZED_AUTOS = YES_AGGRESSIVE;
				GCC_WARN_UNUSED_FUNCTION = YES;
				GCC_WARN_UNUSED_VARIABLE = YES;
				IPHONEOS_DEPLOYMENT_TARGET = 9.0;
				MTL_ENABLE_DEBUG_INFO = NO;
				SDKROOT = iphoneos;
				SWIFT_OPTIMIZATION_LEVEL = "-Owholemodule";
				TARGETED_DEVICE_FAMILY = "1,2";
				VALIDATE_PRODUCT = YES;
			};
			name = Release;
		};
		53CBA2CC1E0D5F5F0012FFFB /* Debug */ = {
			isa = XCBuildConfiguration;
			baseConfigurationReference = 33A63E445BD3C441C933A21C /* Pods-CPBLFan.debug.xcconfig */;
			buildSettings = {
				ALWAYS_EMBED_SWIFT_STANDARD_LIBRARIES = YES;
				ASSETCATALOG_COMPILER_APPICON_NAME = AppIcon;
				CODE_SIGN_ENTITLEMENTS = CPBLFan/CPBLFan.entitlements;
				"CODE_SIGN_IDENTITY[sdk=iphoneos*]" = "iPhone Distribution";
				DEVELOPMENT_TEAM = 8MREJM6257;
				INFOPLIST_FILE = CPBLFan/Info.plist;
				LD_RUNPATH_SEARCH_PATHS = "$(inherited) @executable_path/Frameworks";
				PRODUCT_BUNDLE_IDENTIFIER = sparkr.CPBLFan;
				PRODUCT_NAME = "$(TARGET_NAME)";
				PROVISIONING_PROFILE = "2214cd66-8fb7-4bc8-b27e-cbe7f1bd991a";
				PROVISIONING_PROFILE_SPECIFIER = "CPBL Fan";
				SWIFT_OBJC_BRIDGING_HEADER = "CPBLFan/CPBLFan-Bridging-Header.h";
				SWIFT_VERSION = 3.0;
			};
			name = Debug;
		};
		53CBA2CD1E0D5F5F0012FFFB /* Release */ = {
			isa = XCBuildConfiguration;
			baseConfigurationReference = F3FC4FF9ECC545551F027CFE /* Pods-CPBLFan.release.xcconfig */;
			buildSettings = {
				ALWAYS_EMBED_SWIFT_STANDARD_LIBRARIES = YES;
				ASSETCATALOG_COMPILER_APPICON_NAME = AppIcon;
				CODE_SIGN_ENTITLEMENTS = CPBLFan/CPBLFan.entitlements;
				"CODE_SIGN_IDENTITY[sdk=iphoneos*]" = "iPhone Distribution";
				DEVELOPMENT_TEAM = 8MREJM6257;
				INFOPLIST_FILE = CPBLFan/Info.plist;
				LD_RUNPATH_SEARCH_PATHS = "$(inherited) @executable_path/Frameworks";
				PRODUCT_BUNDLE_IDENTIFIER = sparkr.CPBLFan;
				PRODUCT_NAME = "$(TARGET_NAME)";
				PROVISIONING_PROFILE = "2214cd66-8fb7-4bc8-b27e-cbe7f1bd991a";
				PROVISIONING_PROFILE_SPECIFIER = "CPBL Fan";
				SWIFT_OBJC_BRIDGING_HEADER = "CPBLFan/CPBLFan-Bridging-Header.h";
				SWIFT_VERSION = 3.0;
			};
			name = Release;
		};
		53CBA2CF1E0D5F5F0012FFFB /* Debug */ = {
			isa = XCBuildConfiguration;
			baseConfigurationReference = 5B0090C7CC4830DD1B064E54 /* Pods-CPBLFanTests.debug.xcconfig */;
			buildSettings = {
				ALWAYS_EMBED_SWIFT_STANDARD_LIBRARIES = "$(inherited)";
				BUNDLE_LOADER = "$(TEST_HOST)";
				DEVELOPMENT_TEAM = 8MREJM6257;
				INFOPLIST_FILE = CPBLFanTests/Info.plist;
				LD_RUNPATH_SEARCH_PATHS = "$(inherited) @executable_path/Frameworks @loader_path/Frameworks";
				PRODUCT_BUNDLE_IDENTIFIER = sparkr.CPBLFanTests;
				PRODUCT_NAME = "$(TARGET_NAME)";
				SWIFT_VERSION = 3.0;
				TEST_HOST = "$(BUILT_PRODUCTS_DIR)/CPBLFan.app/CPBLFan";
			};
			name = Debug;
		};
		53CBA2D01E0D5F5F0012FFFB /* Release */ = {
			isa = XCBuildConfiguration;
			baseConfigurationReference = F766D370503CE15EE8B674EA /* Pods-CPBLFanTests.release.xcconfig */;
			buildSettings = {
				ALWAYS_EMBED_SWIFT_STANDARD_LIBRARIES = "$(inherited)";
				BUNDLE_LOADER = "$(TEST_HOST)";
				DEVELOPMENT_TEAM = 8MREJM6257;
				INFOPLIST_FILE = CPBLFanTests/Info.plist;
				LD_RUNPATH_SEARCH_PATHS = "$(inherited) @executable_path/Frameworks @loader_path/Frameworks";
				PRODUCT_BUNDLE_IDENTIFIER = sparkr.CPBLFanTests;
				PRODUCT_NAME = "$(TARGET_NAME)";
				SWIFT_VERSION = 3.0;
				TEST_HOST = "$(BUILT_PRODUCTS_DIR)/CPBLFan.app/CPBLFan";
			};
			name = Release;
		};
		53CBA2D21E0D5F5F0012FFFB /* Debug */ = {
			isa = XCBuildConfiguration;
			baseConfigurationReference = 317D3554E844AE677F4D245D /* Pods-CPBLFanUITests.debug.xcconfig */;
			buildSettings = {
				ALWAYS_EMBED_SWIFT_STANDARD_LIBRARIES = "$(inherited)";
				DEVELOPMENT_TEAM = 8MREJM6257;
				INFOPLIST_FILE = CPBLFanUITests/Info.plist;
				LD_RUNPATH_SEARCH_PATHS = "$(inherited) @executable_path/Frameworks @loader_path/Frameworks";
				PRODUCT_BUNDLE_IDENTIFIER = sparkr.CPBLFanUITests;
				PRODUCT_NAME = "$(TARGET_NAME)";
				SWIFT_VERSION = 3.0;
				TEST_TARGET_NAME = CPBLFan;
			};
			name = Debug;
		};
		53CBA2D31E0D5F5F0012FFFB /* Release */ = {
			isa = XCBuildConfiguration;
			baseConfigurationReference = 0214F9294E9FC1F421BE8D43 /* Pods-CPBLFanUITests.release.xcconfig */;
			buildSettings = {
				ALWAYS_EMBED_SWIFT_STANDARD_LIBRARIES = "$(inherited)";
				DEVELOPMENT_TEAM = 8MREJM6257;
				INFOPLIST_FILE = CPBLFanUITests/Info.plist;
				LD_RUNPATH_SEARCH_PATHS = "$(inherited) @executable_path/Frameworks @loader_path/Frameworks";
				PRODUCT_BUNDLE_IDENTIFIER = sparkr.CPBLFanUITests;
				PRODUCT_NAME = "$(TARGET_NAME)";
				SWIFT_VERSION = 3.0;
				TEST_TARGET_NAME = CPBLFan;
			};
			name = Release;
		};
		53CE89D61E61532E00C528BC /* Debug */ = {
			isa = XCBuildConfiguration;
			baseConfigurationReference = B97B8B3BD2182D65A2A4F0CC /* Pods-Rank-Widget.debug.xcconfig */;
			buildSettings = {
				"CODE_SIGN_IDENTITY[sdk=iphoneos*]" = "iPhone Distribution";
				DEVELOPMENT_TEAM = 8MREJM6257;
				INFOPLIST_FILE = "Rank-Widget/Info.plist";
				IPHONEOS_DEPLOYMENT_TARGET = 9.0;
				LD_RUNPATH_SEARCH_PATHS = "$(inherited) @executable_path/Frameworks @executable_path/../../Frameworks";
				PRODUCT_BUNDLE_IDENTIFIER = "sparkr.CPBLFan.Rank-Widget";
				PRODUCT_NAME = "$(TARGET_NAME)";
				PROVISIONING_PROFILE = "b259db02-3e52-444f-9cd0-c096a549d989";
				PROVISIONING_PROFILE_SPECIFIER = "CPBLFan-Rank-Widget";
				SKIP_INSTALL = YES;
				SWIFT_VERSION = 3.0;
			};
			name = Debug;
		};
		53CE89D71E61532E00C528BC /* Release */ = {
			isa = XCBuildConfiguration;
			baseConfigurationReference = BB6E4D973F11C15A80172EAE /* Pods-Rank-Widget.release.xcconfig */;
			buildSettings = {
				"CODE_SIGN_IDENTITY[sdk=iphoneos*]" = "iPhone Distribution";
				DEVELOPMENT_TEAM = 8MREJM6257;
				INFOPLIST_FILE = "Rank-Widget/Info.plist";
				IPHONEOS_DEPLOYMENT_TARGET = 9.0;
				LD_RUNPATH_SEARCH_PATHS = "$(inherited) @executable_path/Frameworks @executable_path/../../Frameworks";
				PRODUCT_BUNDLE_IDENTIFIER = "sparkr.CPBLFan.Rank-Widget";
				PRODUCT_NAME = "$(TARGET_NAME)";
				PROVISIONING_PROFILE = "b259db02-3e52-444f-9cd0-c096a549d989";
				PROVISIONING_PROFILE_SPECIFIER = "CPBLFan-Rank-Widget";
				SKIP_INSTALL = YES;
				SWIFT_VERSION = 3.0;
			};
			name = Release;
		};
/* End XCBuildConfiguration section */

/* Begin XCConfigurationList section */
		536B607B1E62A92D0027C796 /* Build configuration list for PBXNativeTarget "Schedule-Widget" */ = {
			isa = XCConfigurationList;
			buildConfigurations = (
				536B60791E62A92D0027C796 /* Debug */,
				536B607A1E62A92D0027C796 /* Release */,
			);
			defaultConfigurationIsVisible = 0;
			defaultConfigurationName = Release;
		};
		53CBA29C1E0D5F5E0012FFFB /* Build configuration list for PBXProject "CPBLFan" */ = {
			isa = XCConfigurationList;
			buildConfigurations = (
				53CBA2C91E0D5F5F0012FFFB /* Debug */,
				53CBA2CA1E0D5F5F0012FFFB /* Release */,
			);
			defaultConfigurationIsVisible = 0;
			defaultConfigurationName = Release;
		};
		53CBA2CB1E0D5F5F0012FFFB /* Build configuration list for PBXNativeTarget "CPBLFan" */ = {
			isa = XCConfigurationList;
			buildConfigurations = (
				53CBA2CC1E0D5F5F0012FFFB /* Debug */,
				53CBA2CD1E0D5F5F0012FFFB /* Release */,
			);
			defaultConfigurationIsVisible = 0;
			defaultConfigurationName = Release;
		};
		53CBA2CE1E0D5F5F0012FFFB /* Build configuration list for PBXNativeTarget "CPBLFanTests" */ = {
			isa = XCConfigurationList;
			buildConfigurations = (
				53CBA2CF1E0D5F5F0012FFFB /* Debug */,
				53CBA2D01E0D5F5F0012FFFB /* Release */,
			);
			defaultConfigurationIsVisible = 0;
			defaultConfigurationName = Release;
		};
		53CBA2D11E0D5F5F0012FFFB /* Build configuration list for PBXNativeTarget "CPBLFanUITests" */ = {
			isa = XCConfigurationList;
			buildConfigurations = (
				53CBA2D21E0D5F5F0012FFFB /* Debug */,
				53CBA2D31E0D5F5F0012FFFB /* Release */,
			);
			defaultConfigurationIsVisible = 0;
			defaultConfigurationName = Release;
		};
		53CE89D81E61532E00C528BC /* Build configuration list for PBXNativeTarget "Rank-Widget" */ = {
			isa = XCConfigurationList;
			buildConfigurations = (
				53CE89D61E61532E00C528BC /* Debug */,
				53CE89D71E61532E00C528BC /* Release */,
			);
			defaultConfigurationIsVisible = 0;
			defaultConfigurationName = Release;
		};
/* End XCConfigurationList section */
	};
	rootObject = 53CBA2991E0D5F5E0012FFFB /* Project object */;
}
