// !$*UTF8*$!
{
	archiveVersion = 1;
	classes = {
	};
	objectVersion = 46;
	objects = {

/* Begin PBXBuildFile section */
		4942F1D4C2E6FAA4B2E0917F /* Pods_CPBLFan.framework in Frameworks */ = {isa = PBXBuildFile; fileRef = C2DA969A0B0630BE49B2AF90 /* Pods_CPBLFan.framework */; };
		53788A211E10070F00C3F04B /* News.swift in Sources */ = {isa = PBXBuildFile; fileRef = 53788A201E10070F00C3F04B /* News.swift */; };
		53CBA2A51E0D5F5F0012FFFB /* AppDelegate.swift in Sources */ = {isa = PBXBuildFile; fileRef = 53CBA2A41E0D5F5F0012FFFB /* AppDelegate.swift */; };
		53CBA2AC1E0D5F5F0012FFFB /* Main.storyboard in Resources */ = {isa = PBXBuildFile; fileRef = 53CBA2AA1E0D5F5F0012FFFB /* Main.storyboard */; };
		53CBA2AE1E0D5F5F0012FFFB /* Assets.xcassets in Resources */ = {isa = PBXBuildFile; fileRef = 53CBA2AD1E0D5F5F0012FFFB /* Assets.xcassets */; };
		53CBA2B11E0D5F5F0012FFFB /* LaunchScreen.storyboard in Resources */ = {isa = PBXBuildFile; fileRef = 53CBA2AF1E0D5F5F0012FFFB /* LaunchScreen.storyboard */; };
		53CBA2BC1E0D5F5F0012FFFB /* CPBLFanTests.swift in Sources */ = {isa = PBXBuildFile; fileRef = 53CBA2BB1E0D5F5F0012FFFB /* CPBLFanTests.swift */; };
		53CBA2C71E0D5F5F0012FFFB /* CPBLFanUITests.swift in Sources */ = {isa = PBXBuildFile; fileRef = 53CBA2C61E0D5F5F0012FFFB /* CPBLFanUITests.swift */; };
		53CBA2DB1E0D66AB0012FFFB /* APIService.swift in Sources */ = {isa = PBXBuildFile; fileRef = 53CBA2DA1E0D66AB0012FFFB /* APIService.swift */; };
		53CBA2DE1E0D7DAC0012FFFB /* NewsTableViewCell.swift in Sources */ = {isa = PBXBuildFile; fileRef = 53CBA2DC1E0D7DAC0012FFFB /* NewsTableViewCell.swift */; };
		53CBA2DF1E0D7DAC0012FFFB /* NewsTableViewCell.xib in Resources */ = {isa = PBXBuildFile; fileRef = 53CBA2DD1E0D7DAC0012FFFB /* NewsTableViewCell.xib */; };
		53CBA2E31E0D80BD0012FFFB /* NewsViewController.swift in Sources */ = {isa = PBXBuildFile; fileRef = 53CBA2E21E0D80BD0012FFFB /* NewsViewController.swift */; };
		53CBA2E71E0D920D0012FFFB /* TableViewHelper.swift in Sources */ = {isa = PBXBuildFile; fileRef = 53CBA2E61E0D920D0012FFFB /* TableViewHelper.swift */; };
		53CBA2EA1E0D96670012FFFB /* NewsViewModel.swift in Sources */ = {isa = PBXBuildFile; fileRef = 53CBA2E91E0D96670012FFFB /* NewsViewModel.swift */; };
		53CBA2EC1E0ECC1E0012FFFB /* NewsContentViewController.swift in Sources */ = {isa = PBXBuildFile; fileRef = 53CBA2EB1E0ECC1E0012FFFB /* NewsContentViewController.swift */; };
		98576FFE086CBF2D2AAECAC2 /* Pods_CPBLFanTests.framework in Frameworks */ = {isa = PBXBuildFile; fileRef = 9800F6C1BFD0DC46FE73BFFA /* Pods_CPBLFanTests.framework */; };
		E585054292EA96FC3BAE7457 /* Pods_CPBLFanUITests.framework in Frameworks */ = {isa = PBXBuildFile; fileRef = 031AC937497451A2DE3EDB61 /* Pods_CPBLFanUITests.framework */; };
/* End PBXBuildFile section */

/* Begin PBXContainerItemProxy section */
		53CBA2B81E0D5F5F0012FFFB /* PBXContainerItemProxy */ = {
			isa = PBXContainerItemProxy;
			containerPortal = 53CBA2991E0D5F5E0012FFFB /* Project object */;
			proxyType = 1;
			remoteGlobalIDString = 53CBA2A01E0D5F5E0012FFFB;
			remoteInfo = CPBLFan;
		};
		53CBA2C31E0D5F5F0012FFFB /* PBXContainerItemProxy */ = {
			isa = PBXContainerItemProxy;
			containerPortal = 53CBA2991E0D5F5E0012FFFB /* Project object */;
			proxyType = 1;
			remoteGlobalIDString = 53CBA2A01E0D5F5E0012FFFB;
			remoteInfo = CPBLFan;
		};
/* End PBXContainerItemProxy section */

/* Begin PBXCopyFilesBuildPhase section */
		530152331E0FBABB00AE6FDE /* Embed App Extensions */ = {
			isa = PBXCopyFilesBuildPhase;
			buildActionMask = 2147483647;
			dstPath = "";
			dstSubfolderSpec = 13;
			files = (
			);
			name = "Embed App Extensions";
			runOnlyForDeploymentPostprocessing = 0;
		};
/* End PBXCopyFilesBuildPhase section */

/* Begin PBXFileReference section */
		0214F9294E9FC1F421BE8D43 /* Pods-CPBLFanUITests.release.xcconfig */ = {isa = PBXFileReference; includeInIndex = 1; lastKnownFileType = text.xcconfig; name = "Pods-CPBLFanUITests.release.xcconfig"; path = "Pods/Target Support Files/Pods-CPBLFanUITests/Pods-CPBLFanUITests.release.xcconfig"; sourceTree = "<group>"; };
		031AC937497451A2DE3EDB61 /* Pods_CPBLFanUITests.framework */ = {isa = PBXFileReference; explicitFileType = wrapper.framework; includeInIndex = 0; path = Pods_CPBLFanUITests.framework; sourceTree = BUILT_PRODUCTS_DIR; };
		317D3554E844AE677F4D245D /* Pods-CPBLFanUITests.debug.xcconfig */ = {isa = PBXFileReference; includeInIndex = 1; lastKnownFileType = text.xcconfig; name = "Pods-CPBLFanUITests.debug.xcconfig"; path = "Pods/Target Support Files/Pods-CPBLFanUITests/Pods-CPBLFanUITests.debug.xcconfig"; sourceTree = "<group>"; };
		33A63E445BD3C441C933A21C /* Pods-CPBLFan.debug.xcconfig */ = {isa = PBXFileReference; includeInIndex = 1; lastKnownFileType = text.xcconfig; name = "Pods-CPBLFan.debug.xcconfig"; path = "Pods/Target Support Files/Pods-CPBLFan/Pods-CPBLFan.debug.xcconfig"; sourceTree = "<group>"; };
		53788A201E10070F00C3F04B /* News.swift */ = {isa = PBXFileReference; fileEncoding = 4; lastKnownFileType = sourcecode.swift; name = News.swift; path = Model/News.swift; sourceTree = "<group>"; };
		53CBA2A11E0D5F5E0012FFFB /* CPBLFan.app */ = {isa = PBXFileReference; explicitFileType = wrapper.application; includeInIndex = 0; path = CPBLFan.app; sourceTree = BUILT_PRODUCTS_DIR; };
		53CBA2A41E0D5F5F0012FFFB /* AppDelegate.swift */ = {isa = PBXFileReference; lastKnownFileType = sourcecode.swift; path = AppDelegate.swift; sourceTree = "<group>"; };
		53CBA2AB1E0D5F5F0012FFFB /* Base */ = {isa = PBXFileReference; lastKnownFileType = file.storyboard; name = Base; path = Base.lproj/Main.storyboard; sourceTree = "<group>"; };
		53CBA2AD1E0D5F5F0012FFFB /* Assets.xcassets */ = {isa = PBXFileReference; lastKnownFileType = folder.assetcatalog; path = Assets.xcassets; sourceTree = "<group>"; };
		53CBA2B01E0D5F5F0012FFFB /* Base */ = {isa = PBXFileReference; lastKnownFileType = file.storyboard; name = Base; path = Base.lproj/LaunchScreen.storyboard; sourceTree = "<group>"; };
		53CBA2B21E0D5F5F0012FFFB /* Info.plist */ = {isa = PBXFileReference; lastKnownFileType = text.plist.xml; path = Info.plist; sourceTree = "<group>"; };
		53CBA2B71E0D5F5F0012FFFB /* CPBLFanTests.xctest */ = {isa = PBXFileReference; explicitFileType = wrapper.cfbundle; includeInIndex = 0; path = CPBLFanTests.xctest; sourceTree = BUILT_PRODUCTS_DIR; };
		53CBA2BB1E0D5F5F0012FFFB /* CPBLFanTests.swift */ = {isa = PBXFileReference; lastKnownFileType = sourcecode.swift; path = CPBLFanTests.swift; sourceTree = "<group>"; };
		53CBA2BD1E0D5F5F0012FFFB /* Info.plist */ = {isa = PBXFileReference; lastKnownFileType = text.plist.xml; path = Info.plist; sourceTree = "<group>"; };
		53CBA2C21E0D5F5F0012FFFB /* CPBLFanUITests.xctest */ = {isa = PBXFileReference; explicitFileType = wrapper.cfbundle; includeInIndex = 0; path = CPBLFanUITests.xctest; sourceTree = BUILT_PRODUCTS_DIR; };
		53CBA2C61E0D5F5F0012FFFB /* CPBLFanUITests.swift */ = {isa = PBXFileReference; lastKnownFileType = sourcecode.swift; path = CPBLFanUITests.swift; sourceTree = "<group>"; };
		53CBA2C81E0D5F5F0012FFFB /* Info.plist */ = {isa = PBXFileReference; lastKnownFileType = text.plist.xml; path = Info.plist; sourceTree = "<group>"; };
		53CBA2DA1E0D66AB0012FFFB /* APIService.swift */ = {isa = PBXFileReference; fileEncoding = 4; lastKnownFileType = sourcecode.swift; name = APIService.swift; path = Helper/APIService.swift; sourceTree = "<group>"; };
		53CBA2DC1E0D7DAC0012FFFB /* NewsTableViewCell.swift */ = {isa = PBXFileReference; fileEncoding = 4; lastKnownFileType = sourcecode.swift; name = NewsTableViewCell.swift; path = View/NewsTableViewCell.swift; sourceTree = "<group>"; };
		53CBA2DD1E0D7DAC0012FFFB /* NewsTableViewCell.xib */ = {isa = PBXFileReference; fileEncoding = 4; lastKnownFileType = file.xib; name = NewsTableViewCell.xib; path = View/NewsTableViewCell.xib; sourceTree = "<group>"; };
		53CBA2E21E0D80BD0012FFFB /* NewsViewController.swift */ = {isa = PBXFileReference; fileEncoding = 4; lastKnownFileType = sourcecode.swift; name = NewsViewController.swift; path = View/ViewController/NewsViewController.swift; sourceTree = "<group>"; };
		53CBA2E61E0D920D0012FFFB /* TableViewHelper.swift */ = {isa = PBXFileReference; fileEncoding = 4; lastKnownFileType = sourcecode.swift; name = TableViewHelper.swift; path = Helper/TableViewHelper.swift; sourceTree = "<group>"; };
		53CBA2E91E0D96670012FFFB /* NewsViewModel.swift */ = {isa = PBXFileReference; fileEncoding = 4; lastKnownFileType = sourcecode.swift; name = NewsViewModel.swift; path = ViewModel/NewsViewModel.swift; sourceTree = "<group>"; };
		53CBA2EB1E0ECC1E0012FFFB /* NewsContentViewController.swift */ = {isa = PBXFileReference; fileEncoding = 4; lastKnownFileType = sourcecode.swift; name = NewsContentViewController.swift; path = View/ViewController/NewsContentViewController.swift; sourceTree = "<group>"; };
		5B0090C7CC4830DD1B064E54 /* Pods-CPBLFanTests.debug.xcconfig */ = {isa = PBXFileReference; includeInIndex = 1; lastKnownFileType = text.xcconfig; name = "Pods-CPBLFanTests.debug.xcconfig"; path = "Pods/Target Support Files/Pods-CPBLFanTests/Pods-CPBLFanTests.debug.xcconfig"; sourceTree = "<group>"; };
		9800F6C1BFD0DC46FE73BFFA /* Pods_CPBLFanTests.framework */ = {isa = PBXFileReference; explicitFileType = wrapper.framework; includeInIndex = 0; path = Pods_CPBLFanTests.framework; sourceTree = BUILT_PRODUCTS_DIR; };
		C2DA969A0B0630BE49B2AF90 /* Pods_CPBLFan.framework */ = {isa = PBXFileReference; explicitFileType = wrapper.framework; includeInIndex = 0; path = Pods_CPBLFan.framework; sourceTree = BUILT_PRODUCTS_DIR; };
		F3FC4FF9ECC545551F027CFE /* Pods-CPBLFan.release.xcconfig */ = {isa = PBXFileReference; includeInIndex = 1; lastKnownFileType = text.xcconfig; name = "Pods-CPBLFan.release.xcconfig"; path = "Pods/Target Support Files/Pods-CPBLFan/Pods-CPBLFan.release.xcconfig"; sourceTree = "<group>"; };
		F766D370503CE15EE8B674EA /* Pods-CPBLFanTests.release.xcconfig */ = {isa = PBXFileReference; includeInIndex = 1; lastKnownFileType = text.xcconfig; name = "Pods-CPBLFanTests.release.xcconfig"; path = "Pods/Target Support Files/Pods-CPBLFanTests/Pods-CPBLFanTests.release.xcconfig"; sourceTree = "<group>"; };
/* End PBXFileReference section */

/* Begin PBXFrameworksBuildPhase section */
		53CBA29E1E0D5F5E0012FFFB /* Frameworks */ = {
			isa = PBXFrameworksBuildPhase;
			buildActionMask = 2147483647;
			files = (
				4942F1D4C2E6FAA4B2E0917F /* Pods_CPBLFan.framework in Frameworks */,
			);
			runOnlyForDeploymentPostprocessing = 0;
		};
		53CBA2B41E0D5F5F0012FFFB /* Frameworks */ = {
			isa = PBXFrameworksBuildPhase;
			buildActionMask = 2147483647;
			files = (
				98576FFE086CBF2D2AAECAC2 /* Pods_CPBLFanTests.framework in Frameworks */,
			);
			runOnlyForDeploymentPostprocessing = 0;
		};
		53CBA2BF1E0D5F5F0012FFFB /* Frameworks */ = {
			isa = PBXFrameworksBuildPhase;
			buildActionMask = 2147483647;
			files = (
				E585054292EA96FC3BAE7457 /* Pods_CPBLFanUITests.framework in Frameworks */,
			);
			runOnlyForDeploymentPostprocessing = 0;
		};
/* End PBXFrameworksBuildPhase section */

/* Begin PBXGroup section */
		53CBA2981E0D5F5E0012FFFB = {
			isa = PBXGroup;
			children = (
				53CBA2A31E0D5F5F0012FFFB /* CPBLFan */,
				53CBA2BA1E0D5F5F0012FFFB /* CPBLFanTests */,
				53CBA2C51E0D5F5F0012FFFB /* CPBLFanUITests */,
				53CBA2A21E0D5F5F0012FFFB /* Products */,
				97A7D9A1F9BF4BA2F55CB60C /* Pods */,
				66FD5EA4EBFE2AD74F66A754 /* Frameworks */,
			);
			sourceTree = "<group>";
		};
		53CBA2A21E0D5F5F0012FFFB /* Products */ = {
			isa = PBXGroup;
			children = (
				53CBA2A11E0D5F5E0012FFFB /* CPBLFan.app */,
				53CBA2B71E0D5F5F0012FFFB /* CPBLFanTests.xctest */,
				53CBA2C21E0D5F5F0012FFFB /* CPBLFanUITests.xctest */,
			);
			name = Products;
			sourceTree = "<group>";
		};
		53CBA2A31E0D5F5F0012FFFB /* CPBLFan */ = {
			isa = PBXGroup;
			children = (
				53CBA2E81E0D964B0012FFFB /* ViewModel */,
				53CBA2D81E0D667C0012FFFB /* View */,
				53CBA2D71E0D66770012FFFB /* Model */,
				53CBA2D61E0D66660012FFFB /* Helpers */,
				53CBA2A41E0D5F5F0012FFFB /* AppDelegate.swift */,
				53CBA2AA1E0D5F5F0012FFFB /* Main.storyboard */,
				53CBA2AD1E0D5F5F0012FFFB /* Assets.xcassets */,
				53CBA2AF1E0D5F5F0012FFFB /* LaunchScreen.storyboard */,
				53CBA2B21E0D5F5F0012FFFB /* Info.plist */,
			);
			path = CPBLFan;
			sourceTree = "<group>";
		};
		53CBA2BA1E0D5F5F0012FFFB /* CPBLFanTests */ = {
			isa = PBXGroup;
			children = (
				53CBA2BB1E0D5F5F0012FFFB /* CPBLFanTests.swift */,
				53CBA2BD1E0D5F5F0012FFFB /* Info.plist */,
			);
			path = CPBLFanTests;
			sourceTree = "<group>";
		};
		53CBA2C51E0D5F5F0012FFFB /* CPBLFanUITests */ = {
			isa = PBXGroup;
			children = (
				53CBA2C61E0D5F5F0012FFFB /* CPBLFanUITests.swift */,
				53CBA2C81E0D5F5F0012FFFB /* Info.plist */,
			);
			path = CPBLFanUITests;
			sourceTree = "<group>";
		};
		53CBA2D61E0D66660012FFFB /* Helpers */ = {
			isa = PBXGroup;
			children = (
				53CBA2DA1E0D66AB0012FFFB /* APIService.swift */,
				53CBA2E61E0D920D0012FFFB /* TableViewHelper.swift */,
			);
			name = Helpers;
			sourceTree = "<group>";
		};
		53CBA2D71E0D66770012FFFB /* Model */ = {
			isa = PBXGroup;
			children = (
				53788A201E10070F00C3F04B /* News.swift */,
			);
			name = Model;
			sourceTree = "<group>";
		};
		53CBA2D81E0D667C0012FFFB /* View */ = {
			isa = PBXGroup;
			children = (
				53CBA2D91E0D66850012FFFB /* ViewController */,
				53CBA2DC1E0D7DAC0012FFFB /* NewsTableViewCell.swift */,
				53CBA2DD1E0D7DAC0012FFFB /* NewsTableViewCell.xib */,
			);
			name = View;
			sourceTree = "<group>";
		};
		53CBA2D91E0D66850012FFFB /* ViewController */ = {
			isa = PBXGroup;
			children = (
				53CBA2E21E0D80BD0012FFFB /* NewsViewController.swift */,
				53CBA2EB1E0ECC1E0012FFFB /* NewsContentViewController.swift */,
			);
			name = ViewController;
			sourceTree = "<group>";
		};
		53CBA2E81E0D964B0012FFFB /* ViewModel */ = {
			isa = PBXGroup;
			children = (
				53CBA2E91E0D96670012FFFB /* NewsViewModel.swift */,
			);
			name = ViewModel;
			sourceTree = "<group>";
		};
		66FD5EA4EBFE2AD74F66A754 /* Frameworks */ = {
			isa = PBXGroup;
			children = (
				C2DA969A0B0630BE49B2AF90 /* Pods_CPBLFan.framework */,
				9800F6C1BFD0DC46FE73BFFA /* Pods_CPBLFanTests.framework */,
				031AC937497451A2DE3EDB61 /* Pods_CPBLFanUITests.framework */,
			);
			name = Frameworks;
			sourceTree = "<group>";
		};
		97A7D9A1F9BF4BA2F55CB60C /* Pods */ = {
			isa = PBXGroup;
			children = (
				33A63E445BD3C441C933A21C /* Pods-CPBLFan.debug.xcconfig */,
				F3FC4FF9ECC545551F027CFE /* Pods-CPBLFan.release.xcconfig */,
				5B0090C7CC4830DD1B064E54 /* Pods-CPBLFanTests.debug.xcconfig */,
				F766D370503CE15EE8B674EA /* Pods-CPBLFanTests.release.xcconfig */,
				317D3554E844AE677F4D245D /* Pods-CPBLFanUITests.debug.xcconfig */,
				0214F9294E9FC1F421BE8D43 /* Pods-CPBLFanUITests.release.xcconfig */,
			);
			name = Pods;
			sourceTree = "<group>";
		};
/* End PBXGroup section */

/* Begin PBXNativeTarget section */
		53CBA2A01E0D5F5E0012FFFB /* CPBLFan */ = {
			isa = PBXNativeTarget;
			buildConfigurationList = 53CBA2CB1E0D5F5F0012FFFB /* Build configuration list for PBXNativeTarget "CPBLFan" */;
			buildPhases = (
				24982F13417E05BD5FD3B7C6 /* [CP] Check Pods Manifest.lock */,
				53CBA29D1E0D5F5E0012FFFB /* Sources */,
				53CBA29E1E0D5F5E0012FFFB /* Frameworks */,
				53CBA29F1E0D5F5E0012FFFB /* Resources */,
				FE943A1C9D99A2F89B907D09 /* [CP] Embed Pods Frameworks */,
				8F5917E1E56841991615686F /* [CP] Copy Pods Resources */,
				530152331E0FBABB00AE6FDE /* Embed App Extensions */,
			);
			buildRules = (
			);
			dependencies = (
			);
			name = CPBLFan;
			productName = CPBLFan;
			productReference = 53CBA2A11E0D5F5E0012FFFB /* CPBLFan.app */;
			productType = "com.apple.product-type.application";
		};
		53CBA2B61E0D5F5F0012FFFB /* CPBLFanTests */ = {
			isa = PBXNativeTarget;
			buildConfigurationList = 53CBA2CE1E0D5F5F0012FFFB /* Build configuration list for PBXNativeTarget "CPBLFanTests" */;
			buildPhases = (
				379115E60D7B0C77C036D754 /* [CP] Check Pods Manifest.lock */,
				53CBA2B31E0D5F5F0012FFFB /* Sources */,
				53CBA2B41E0D5F5F0012FFFB /* Frameworks */,
				53CBA2B51E0D5F5F0012FFFB /* Resources */,
				0D66231C9B825992D228026C /* [CP] Embed Pods Frameworks */,
				EE76B49BB691036C6373D61E /* [CP] Copy Pods Resources */,
			);
			buildRules = (
			);
			dependencies = (
				53CBA2B91E0D5F5F0012FFFB /* PBXTargetDependency */,
			);
			name = CPBLFanTests;
			productName = CPBLFanTests;
			productReference = 53CBA2B71E0D5F5F0012FFFB /* CPBLFanTests.xctest */;
			productType = "com.apple.product-type.bundle.unit-test";
		};
		53CBA2C11E0D5F5F0012FFFB /* CPBLFanUITests */ = {
			isa = PBXNativeTarget;
			buildConfigurationList = 53CBA2D11E0D5F5F0012FFFB /* Build configuration list for PBXNativeTarget "CPBLFanUITests" */;
			buildPhases = (
				0A946770A0FA221DFC913A8E /* [CP] Check Pods Manifest.lock */,
				53CBA2BE1E0D5F5F0012FFFB /* Sources */,
				53CBA2BF1E0D5F5F0012FFFB /* Frameworks */,
				53CBA2C01E0D5F5F0012FFFB /* Resources */,
				6E1F6CC89FDBFE856ED47CEE /* [CP] Embed Pods Frameworks */,
				28ADA20DBD7E6D7777773C1C /* [CP] Copy Pods Resources */,
			);
			buildRules = (
			);
			dependencies = (
				53CBA2C41E0D5F5F0012FFFB /* PBXTargetDependency */,
			);
			name = CPBLFanUITests;
			productName = CPBLFanUITests;
			productReference = 53CBA2C21E0D5F5F0012FFFB /* CPBLFanUITests.xctest */;
			productType = "com.apple.product-type.bundle.ui-testing";
		};
/* End PBXNativeTarget section */

/* Begin PBXProject section */
		53CBA2991E0D5F5E0012FFFB /* Project object */ = {
			isa = PBXProject;
			attributes = {
				LastSwiftUpdateCheck = 0820;
				LastUpgradeCheck = 0820;
				ORGANIZATIONNAME = Sparkr;
				TargetAttributes = {
					53CBA2A01E0D5F5E0012FFFB = {
						CreatedOnToolsVersion = 8.2.1;
						DevelopmentTeam = 8MREJM6257;
						ProvisioningStyle = Automatic;
						SystemCapabilities = {
							com.apple.ApplicationGroups.iOS = {
								enabled = 0;
							};
						};
					};
					53CBA2B61E0D5F5F0012FFFB = {
						CreatedOnToolsVersion = 8.2.1;
						DevelopmentTeam = 8MREJM6257;
						ProvisioningStyle = Automatic;
						TestTargetID = 53CBA2A01E0D5F5E0012FFFB;
					};
					53CBA2C11E0D5F5F0012FFFB = {
						CreatedOnToolsVersion = 8.2.1;
						DevelopmentTeam = 8MREJM6257;
						ProvisioningStyle = Automatic;
						TestTargetID = 53CBA2A01E0D5F5E0012FFFB;
					};
				};
			};
			buildConfigurationList = 53CBA29C1E0D5F5E0012FFFB /* Build configuration list for PBXProject "CPBLFan" */;
			compatibilityVersion = "Xcode 3.2";
			developmentRegion = English;
			hasScannedForEncodings = 0;
			knownRegions = (
				Base,
				"zh-Hant",
			);
			mainGroup = 53CBA2981E0D5F5E0012FFFB;
			productRefGroup = 53CBA2A21E0D5F5F0012FFFB /* Products */;
			projectDirPath = "";
			projectRoot = "";
			targets = (
				53CBA2A01E0D5F5E0012FFFB /* CPBLFan */,
				53CBA2B61E0D5F5F0012FFFB /* CPBLFanTests */,
				53CBA2C11E0D5F5F0012FFFB /* CPBLFanUITests */,
			);
		};
/* End PBXProject section */

/* Begin PBXResourcesBuildPhase section */
		53CBA29F1E0D5F5E0012FFFB /* Resources */ = {
			isa = PBXResourcesBuildPhase;
			buildActionMask = 2147483647;
			files = (
				53CBA2B11E0D5F5F0012FFFB /* LaunchScreen.storyboard in Resources */,
				53CBA2AE1E0D5F5F0012FFFB /* Assets.xcassets in Resources */,
				53CBA2DF1E0D7DAC0012FFFB /* NewsTableViewCell.xib in Resources */,
				53CBA2AC1E0D5F5F0012FFFB /* Main.storyboard in Resources */,
			);
			runOnlyForDeploymentPostprocessing = 0;
		};
		53CBA2B51E0D5F5F0012FFFB /* Resources */ = {
			isa = PBXResourcesBuildPhase;
			buildActionMask = 2147483647;
			files = (
			);
			runOnlyForDeploymentPostprocessing = 0;
		};
		53CBA2C01E0D5F5F0012FFFB /* Resources */ = {
			isa = PBXResourcesBuildPhase;
			buildActionMask = 2147483647;
			files = (
			);
			runOnlyForDeploymentPostprocessing = 0;
		};
/* End PBXResourcesBuildPhase section */

/* Begin PBXShellScriptBuildPhase section */
		0A946770A0FA221DFC913A8E /* [CP] Check Pods Manifest.lock */ = {
			isa = PBXShellScriptBuildPhase;
			buildActionMask = 2147483647;
			files = (
			);
			inputPaths = (
			);
			name = "[CP] Check Pods Manifest.lock";
			outputPaths = (
			);
			runOnlyForDeploymentPostprocessing = 0;
			shellPath = /bin/sh;
			shellScript = "diff \"${PODS_ROOT}/../Podfile.lock\" \"${PODS_ROOT}/Manifest.lock\" > /dev/null\nif [ $? != 0 ] ; then\n    # print error to STDERR\n    echo \"error: The sandbox is not in sync with the Podfile.lock. Run 'pod install' or update your CocoaPods installation.\" >&2\n    exit 1\nfi\n";
			showEnvVarsInLog = 0;
		};
		0D66231C9B825992D228026C /* [CP] Embed Pods Frameworks */ = {
			isa = PBXShellScriptBuildPhase;
			buildActionMask = 2147483647;
			files = (
			);
			inputPaths = (
			);
			name = "[CP] Embed Pods Frameworks";
			outputPaths = (
			);
			runOnlyForDeploymentPostprocessing = 0;
			shellPath = /bin/sh;
			shellScript = "\"${SRCROOT}/Pods/Target Support Files/Pods-CPBLFanTests/Pods-CPBLFanTests-frameworks.sh\"\n";
			showEnvVarsInLog = 0;
		};
		24982F13417E05BD5FD3B7C6 /* [CP] Check Pods Manifest.lock */ = {
			isa = PBXShellScriptBuildPhase;
			buildActionMask = 2147483647;
			files = (
			);
			inputPaths = (
			);
			name = "[CP] Check Pods Manifest.lock";
			outputPaths = (
			);
			runOnlyForDeploymentPostprocessing = 0;
			shellPath = /bin/sh;
			shellScript = "diff \"${PODS_ROOT}/../Podfile.lock\" \"${PODS_ROOT}/Manifest.lock\" > /dev/null\nif [ $? != 0 ] ; then\n    # print error to STDERR\n    echo \"error: The sandbox is not in sync with the Podfile.lock. Run 'pod install' or update your CocoaPods installation.\" >&2\n    exit 1\nfi\n";
			showEnvVarsInLog = 0;
		};
		28ADA20DBD7E6D7777773C1C /* [CP] Copy Pods Resources */ = {
			isa = PBXShellScriptBuildPhase;
			buildActionMask = 2147483647;
			files = (
			);
			inputPaths = (
			);
			name = "[CP] Copy Pods Resources";
			outputPaths = (
			);
			runOnlyForDeploymentPostprocessing = 0;
			shellPath = /bin/sh;
			shellScript = "\"${SRCROOT}/Pods/Target Support Files/Pods-CPBLFanUITests/Pods-CPBLFanUITests-resources.sh\"\n";
			showEnvVarsInLog = 0;
		};
		379115E60D7B0C77C036D754 /* [CP] Check Pods Manifest.lock */ = {
			isa = PBXShellScriptBuildPhase;
			buildActionMask = 2147483647;
			files = (
			);
			inputPaths = (
			);
			name = "[CP] Check Pods Manifest.lock";
			outputPaths = (
			);
			runOnlyForDeploymentPostprocessing = 0;
			shellPath = /bin/sh;
			shellScript = "diff \"${PODS_ROOT}/../Podfile.lock\" \"${PODS_ROOT}/Manifest.lock\" > /dev/null\nif [ $? != 0 ] ; then\n    # print error to STDERR\n    echo \"error: The sandbox is not in sync with the Podfile.lock. Run 'pod install' or update your CocoaPods installation.\" >&2\n    exit 1\nfi\n";
			showEnvVarsInLog = 0;
		};
		6E1F6CC89FDBFE856ED47CEE /* [CP] Embed Pods Frameworks */ = {
			isa = PBXShellScriptBuildPhase;
			buildActionMask = 2147483647;
			files = (
			);
			inputPaths = (
			);
			name = "[CP] Embed Pods Frameworks";
			outputPaths = (
			);
			runOnlyForDeploymentPostprocessing = 0;
			shellPath = /bin/sh;
			shellScript = "\"${SRCROOT}/Pods/Target Support Files/Pods-CPBLFanUITests/Pods-CPBLFanUITests-frameworks.sh\"\n";
			showEnvVarsInLog = 0;
		};
		8F5917E1E56841991615686F /* [CP] Copy Pods Resources */ = {
			isa = PBXShellScriptBuildPhase;
			buildActionMask = 2147483647;
			files = (
			);
			inputPaths = (
			);
			name = "[CP] Copy Pods Resources";
			outputPaths = (
			);
			runOnlyForDeploymentPostprocessing = 0;
			shellPath = /bin/sh;
			shellScript = "\"${SRCROOT}/Pods/Target Support Files/Pods-CPBLFan/Pods-CPBLFan-resources.sh\"\n";
			showEnvVarsInLog = 0;
		};
		EE76B49BB691036C6373D61E /* [CP] Copy Pods Resources */ = {
			isa = PBXShellScriptBuildPhase;
			buildActionMask = 2147483647;
			files = (
			);
			inputPaths = (
			);
			name = "[CP] Copy Pods Resources";
			outputPaths = (
			);
			runOnlyForDeploymentPostprocessing = 0;
			shellPath = /bin/sh;
			shellScript = "\"${SRCROOT}/Pods/Target Support Files/Pods-CPBLFanTests/Pods-CPBLFanTests-resources.sh\"\n";
			showEnvVarsInLog = 0;
		};
		FE943A1C9D99A2F89B907D09 /* [CP] Embed Pods Frameworks */ = {
			isa = PBXShellScriptBuildPhase;
			buildActionMask = 2147483647;
			files = (
			);
			inputPaths = (
			);
			name = "[CP] Embed Pods Frameworks";
			outputPaths = (
			);
			runOnlyForDeploymentPostprocessing = 0;
			shellPath = /bin/sh;
			shellScript = "\"${SRCROOT}/Pods/Target Support Files/Pods-CPBLFan/Pods-CPBLFan-frameworks.sh\"\n";
			showEnvVarsInLog = 0;
		};
/* End PBXShellScriptBuildPhase section */

/* Begin PBXSourcesBuildPhase section */
		53CBA29D1E0D5F5E0012FFFB /* Sources */ = {
			isa = PBXSourcesBuildPhase;
			buildActionMask = 2147483647;
			files = (
				53CBA2DB1E0D66AB0012FFFB /* APIService.swift in Sources */,
				53CBA2EA1E0D96670012FFFB /* NewsViewModel.swift in Sources */,
				53788A211E10070F00C3F04B /* News.swift in Sources */,
				53CBA2A51E0D5F5F0012FFFB /* AppDelegate.swift in Sources */,
				53CBA2DE1E0D7DAC0012FFFB /* NewsTableViewCell.swift in Sources */,
				53CBA2EC1E0ECC1E0012FFFB /* NewsContentViewController.swift in Sources */,
				53CBA2E71E0D920D0012FFFB /* TableViewHelper.swift in Sources */,
				53CBA2E31E0D80BD0012FFFB /* NewsViewController.swift in Sources */,
			);
			runOnlyForDeploymentPostprocessing = 0;
		};
		53CBA2B31E0D5F5F0012FFFB /* Sources */ = {
			isa = PBXSourcesBuildPhase;
			buildActionMask = 2147483647;
			files = (
				53CBA2BC1E0D5F5F0012FFFB /* CPBLFanTests.swift in Sources */,
			);
			runOnlyForDeploymentPostprocessing = 0;
		};
		53CBA2BE1E0D5F5F0012FFFB /* Sources */ = {
			isa = PBXSourcesBuildPhase;
			buildActionMask = 2147483647;
			files = (
				53CBA2C71E0D5F5F0012FFFB /* CPBLFanUITests.swift in Sources */,
			);
			runOnlyForDeploymentPostprocessing = 0;
		};
/* End PBXSourcesBuildPhase section */

/* Begin PBXTargetDependency section */
		53CBA2B91E0D5F5F0012FFFB /* PBXTargetDependency */ = {
			isa = PBXTargetDependency;
			target = 53CBA2A01E0D5F5E0012FFFB /* CPBLFan */;
			targetProxy = 53CBA2B81E0D5F5F0012FFFB /* PBXContainerItemProxy */;
		};
		53CBA2C41E0D5F5F0012FFFB /* PBXTargetDependency */ = {
			isa = PBXTargetDependency;
			target = 53CBA2A01E0D5F5E0012FFFB /* CPBLFan */;
			targetProxy = 53CBA2C31E0D5F5F0012FFFB /* PBXContainerItemProxy */;
		};
/* End PBXTargetDependency section */

/* Begin PBXVariantGroup section */
		53CBA2AA1E0D5F5F0012FFFB /* Main.storyboard */ = {
			isa = PBXVariantGroup;
			children = (
				53CBA2AB1E0D5F5F0012FFFB /* Base */,
			);
			name = Main.storyboard;
			sourceTree = "<group>";
		};
		53CBA2AF1E0D5F5F0012FFFB /* LaunchScreen.storyboard */ = {
			isa = PBXVariantGroup;
			children = (
				53CBA2B01E0D5F5F0012FFFB /* Base */,
			);
			name = LaunchScreen.storyboard;
			sourceTree = "<group>";
		};
/* End PBXVariantGroup section */

/* Begin XCBuildConfiguration section */
		53CBA2C91E0D5F5F0012FFFB /* Debug */ = {
			isa = XCBuildConfiguration;
			buildSettings = {
				ALWAYS_SEARCH_USER_PATHS = NO;
				CLANG_ANALYZER_LOCALIZABILITY_NONLOCALIZED = YES;
				CLANG_ANALYZER_NONNULL = YES;
				CLANG_CXX_LANGUAGE_STANDARD = "gnu++0x";
				CLANG_CXX_LIBRARY = "libc++";
				CLANG_ENABLE_MODULES = YES;
				CLANG_ENABLE_OBJC_ARC = YES;
				CLANG_WARN_BOOL_CONVERSION = YES;
				CLANG_WARN_CONSTANT_CONVERSION = YES;
				CLANG_WARN_DIRECT_OBJC_ISA_USAGE = YES_ERROR;
				CLANG_WARN_DOCUMENTATION_COMMENTS = YES;
				CLANG_WARN_EMPTY_BODY = YES;
				CLANG_WARN_ENUM_CONVERSION = YES;
				CLANG_WARN_INFINITE_RECURSION = YES;
				CLANG_WARN_INT_CONVERSION = YES;
				CLANG_WARN_OBJC_ROOT_CLASS = YES_ERROR;
				CLANG_WARN_SUSPICIOUS_MOVE = YES;
				CLANG_WARN_UNREACHABLE_CODE = YES;
				CLANG_WARN__DUPLICATE_METHOD_MATCH = YES;
				"CODE_SIGN_IDENTITY[sdk=iphoneos*]" = "iPhone Developer";
				COPY_PHASE_STRIP = NO;
				DEBUG_INFORMATION_FORMAT = dwarf;
				ENABLE_STRICT_OBJC_MSGSEND = YES;
				ENABLE_TESTABILITY = YES;
				GCC_C_LANGUAGE_STANDARD = gnu99;
				GCC_DYNAMIC_NO_PIC = NO;
				GCC_NO_COMMON_BLOCKS = YES;
				GCC_OPTIMIZATION_LEVEL = 0;
				GCC_PREPROCESSOR_DEFINITIONS = (
					"DEBUG=1",
					"$(inherited)",
				);
				GCC_WARN_64_TO_32_BIT_CONVERSION = YES;
				GCC_WARN_ABOUT_RETURN_TYPE = YES_ERROR;
				GCC_WARN_UNDECLARED_SELECTOR = YES;
				GCC_WARN_UNINITIALIZED_AUTOS = YES_AGGRESSIVE;
				GCC_WARN_UNUSED_FUNCTION = YES;
				GCC_WARN_UNUSED_VARIABLE = YES;
				IPHONEOS_DEPLOYMENT_TARGET = 9.0;
				MTL_ENABLE_DEBUG_INFO = YES;
				ONLY_ACTIVE_ARCH = YES;
				SDKROOT = iphoneos;
				SWIFT_ACTIVE_COMPILATION_CONDITIONS = DEBUG;
				SWIFT_OPTIMIZATION_LEVEL = "-Onone";
				TARGETED_DEVICE_FAMILY = "1,2";
			};
			name = Debug;
		};
		53CBA2CA1E0D5F5F0012FFFB /* Release */ = {
			isa = XCBuildConfiguration;
			buildSettings = {
				ALWAYS_SEARCH_USER_PATHS = NO;
				CLANG_ANALYZER_LOCALIZABILITY_NONLOCALIZED = YES;
				CLANG_ANALYZER_NONNULL = YES;
				CLANG_CXX_LANGUAGE_STANDARD = "gnu++0x";
				CLANG_CXX_LIBRARY = "libc++";
				CLANG_ENABLE_MODULES = YES;
				CLANG_ENABLE_OBJC_ARC = YES;
				CLANG_WARN_BOOL_CONVERSION = YES;
				CLANG_WARN_CONSTANT_CONVERSION = YES;
				CLANG_WARN_DIRECT_OBJC_ISA_USAGE = YES_ERROR;
				CLANG_WARN_DOCUMENTATION_COMMENTS = YES;
				CLANG_WARN_EMPTY_BODY = YES;
				CLANG_WARN_ENUM_CONVERSION = YES;
				CLANG_WARN_INFINITE_RECURSION = YES;
				CLANG_WARN_INT_CONVERSION = YES;
				CLANG_WARN_OBJC_ROOT_CLASS = YES_ERROR;
				CLANG_WARN_SUSPICIOUS_MOVE = YES;
				CLANG_WARN_UNREACHABLE_CODE = YES;
				CLANG_WARN__DUPLICATE_METHOD_MATCH = YES;
				"CODE_SIGN_IDENTITY[sdk=iphoneos*]" = "iPhone Developer";
				COPY_PHASE_STRIP = NO;
				DEBUG_INFORMATION_FORMAT = "dwarf-with-dsym";
				ENABLE_NS_ASSERTIONS = NO;
				ENABLE_STRICT_OBJC_MSGSEND = YES;
				GCC_C_LANGUAGE_STANDARD = gnu99;
				GCC_NO_COMMON_BLOCKS = YES;
				GCC_WARN_64_TO_32_BIT_CONVERSION = YES;
				GCC_WARN_ABOUT_RETURN_TYPE = YES_ERROR;
				GCC_WARN_UNDECLARED_SELECTOR = YES;
				GCC_WARN_UNINITIALIZED_AUTOS = YES_AGGRESSIVE;
				GCC_WARN_UNUSED_FUNCTION = YES;
				GCC_WARN_UNUSED_VARIABLE = YES;
				IPHONEOS_DEPLOYMENT_TARGET = 9.0;
				MTL_ENABLE_DEBUG_INFO = NO;
				SDKROOT = iphoneos;
				SWIFT_OPTIMIZATION_LEVEL = "-Owholemodule";
				TARGETED_DEVICE_FAMILY = "1,2";
				VALIDATE_PRODUCT = YES;
			};
			name = Release;
		};
		53CBA2CC1E0D5F5F0012FFFB /* Debug */ = {
			isa = XCBuildConfiguration;
			baseConfigurationReference = 33A63E445BD3C441C933A21C /* Pods-CPBLFan.debug.xcconfig */;
			buildSettings = {
				ALWAYS_EMBED_SWIFT_STANDARD_LIBRARIES = YES;
				ASSETCATALOG_COMPILER_APPICON_NAME = AppIcon;
				DEVELOPMENT_TEAM = 8MREJM6257;
				INFOPLIST_FILE = CPBLFan/Info.plist;
				LD_RUNPATH_SEARCH_PATHS = "$(inherited) @executable_path/Frameworks";
				PRODUCT_BUNDLE_IDENTIFIER = sparkr.CPBLFan;
				PRODUCT_NAME = "$(TARGET_NAME)";
				SWIFT_VERSION = 3.0;
			};
			name = Debug;
		};
		53CBA2CD1E0D5F5F0012FFFB /* Release */ = {
			isa = XCBuildConfiguration;
			baseConfigurationReference = F3FC4FF9ECC545551F027CFE /* Pods-CPBLFan.release.xcconfig */;
			buildSettings = {
				ALWAYS_EMBED_SWIFT_STANDARD_LIBRARIES = YES;
				ASSETCATALOG_COMPILER_APPICON_NAME = AppIcon;
				DEVELOPMENT_TEAM = 8MREJM6257;
				INFOPLIST_FILE = CPBLFan/Info.plist;
				LD_RUNPATH_SEARCH_PATHS = "$(inherited) @executable_path/Frameworks";
				PRODUCT_BUNDLE_IDENTIFIER = sparkr.CPBLFan;
				PRODUCT_NAME = "$(TARGET_NAME)";
				SWIFT_VERSION = 3.0;
			};
			name = Release;
		};
		53CBA2CF1E0D5F5F0012FFFB /* Debug */ = {
			isa = XCBuildConfiguration;
			baseConfigurationReference = 5B0090C7CC4830DD1B064E54 /* Pods-CPBLFanTests.debug.xcconfig */;
			buildSettings = {
				ALWAYS_EMBED_SWIFT_STANDARD_LIBRARIES = "$(inherited)";
				BUNDLE_LOADER = "$(TEST_HOST)";
				DEVELOPMENT_TEAM = 8MREJM6257;
				INFOPLIST_FILE = CPBLFanTests/Info.plist;
				LD_RUNPATH_SEARCH_PATHS = "$(inherited) @executable_path/Frameworks @loader_path/Frameworks";
				PRODUCT_BUNDLE_IDENTIFIER = sparkr.CPBLFanTests;
				PRODUCT_NAME = "$(TARGET_NAME)";
				SWIFT_VERSION = 3.0;
				TEST_HOST = "$(BUILT_PRODUCTS_DIR)/CPBLFan.app/CPBLFan";
			};
			name = Debug;
		};
		53CBA2D01E0D5F5F0012FFFB /* Release */ = {
			isa = XCBuildConfiguration;
			baseConfigurationReference = F766D370503CE15EE8B674EA /* Pods-CPBLFanTests.release.xcconfig */;
			buildSettings = {
				ALWAYS_EMBED_SWIFT_STANDARD_LIBRARIES = "$(inherited)";
				BUNDLE_LOADER = "$(TEST_HOST)";
				DEVELOPMENT_TEAM = 8MREJM6257;
				INFOPLIST_FILE = CPBLFanTests/Info.plist;
				LD_RUNPATH_SEARCH_PATHS = "$(inherited) @executable_path/Frameworks @loader_path/Frameworks";
				PRODUCT_BUNDLE_IDENTIFIER = sparkr.CPBLFanTests;
				PRODUCT_NAME = "$(TARGET_NAME)";
				SWIFT_VERSION = 3.0;
				TEST_HOST = "$(BUILT_PRODUCTS_DIR)/CPBLFan.app/CPBLFan";
			};
			name = Release;
		};
		53CBA2D21E0D5F5F0012FFFB /* Debug */ = {
			isa = XCBuildConfiguration;
			baseConfigurationReference = 317D3554E844AE677F4D245D /* Pods-CPBLFanUITests.debug.xcconfig */;
			buildSettings = {
				ALWAYS_EMBED_SWIFT_STANDARD_LIBRARIES = "$(inherited)";
				DEVELOPMENT_TEAM = 8MREJM6257;
				INFOPLIST_FILE = CPBLFanUITests/Info.plist;
				LD_RUNPATH_SEARCH_PATHS = "$(inherited) @executable_path/Frameworks @loader_path/Frameworks";
				PRODUCT_BUNDLE_IDENTIFIER = sparkr.CPBLFanUITests;
				PRODUCT_NAME = "$(TARGET_NAME)";
				SWIFT_VERSION = 3.0;
				TEST_TARGET_NAME = CPBLFan;
			};
			name = Debug;
		};
		53CBA2D31E0D5F5F0012FFFB /* Release */ = {
			isa = XCBuildConfiguration;
			baseConfigurationReference = 0214F9294E9FC1F421BE8D43 /* Pods-CPBLFanUITests.release.xcconfig */;
			buildSettings = {
				ALWAYS_EMBED_SWIFT_STANDARD_LIBRARIES = "$(inherited)";
				DEVELOPMENT_TEAM = 8MREJM6257;
				INFOPLIST_FILE = CPBLFanUITests/Info.plist;
				LD_RUNPATH_SEARCH_PATHS = "$(inherited) @executable_path/Frameworks @loader_path/Frameworks";
				PRODUCT_BUNDLE_IDENTIFIER = sparkr.CPBLFanUITests;
				PRODUCT_NAME = "$(TARGET_NAME)";
				SWIFT_VERSION = 3.0;
				TEST_TARGET_NAME = CPBLFan;
			};
			name = Release;
		};
/* End XCBuildConfiguration section */

/* Begin XCConfigurationList section */
		53CBA29C1E0D5F5E0012FFFB /* Build configuration list for PBXProject "CPBLFan" */ = {
			isa = XCConfigurationList;
			buildConfigurations = (
				53CBA2C91E0D5F5F0012FFFB /* Debug */,
				53CBA2CA1E0D5F5F0012FFFB /* Release */,
			);
			defaultConfigurationIsVisible = 0;
			defaultConfigurationName = Release;
		};
		53CBA2CB1E0D5F5F0012FFFB /* Build configuration list for PBXNativeTarget "CPBLFan" */ = {
			isa = XCConfigurationList;
			buildConfigurations = (
				53CBA2CC1E0D5F5F0012FFFB /* Debug */,
				53CBA2CD1E0D5F5F0012FFFB /* Release */,
			);
			defaultConfigurationIsVisible = 0;
			defaultConfigurationName = Release;
		};
		53CBA2CE1E0D5F5F0012FFFB /* Build configuration list for PBXNativeTarget "CPBLFanTests" */ = {
			isa = XCConfigurationList;
			buildConfigurations = (
				53CBA2CF1E0D5F5F0012FFFB /* Debug */,
				53CBA2D01E0D5F5F0012FFFB /* Release */,
			);
			defaultConfigurationIsVisible = 0;
			defaultConfigurationName = Release;
		};
		53CBA2D11E0D5F5F0012FFFB /* Build configuration list for PBXNativeTarget "CPBLFanUITests" */ = {
			isa = XCConfigurationList;
			buildConfigurations = (
				53CBA2D21E0D5F5F0012FFFB /* Debug */,
				53CBA2D31E0D5F5F0012FFFB /* Release */,
			);
			defaultConfigurationIsVisible = 0;
			defaultConfigurationName = Release;
		};
/* End XCConfigurationList section */
	};
	rootObject = 53CBA2991E0D5F5E0012FFFB /* Project object */;
}
